
Microsoft Visual Studio Solution File, Format Version 12.00
# Visual Studio 2013
VisualStudioVersion = 12.0.21005.1
MinimumVisualStudioVersion = 10.0.40219.1
Project("{FAE04EC0-301F-11D3-BF4B-00C04F79EFBC}") = "UPF", "..\SharedSource\UPF\UPF.csproj", "{0ED5C9D8-6EB6-4A61-AB5D-598956399F13}"
EndProject
Project("{FAE04EC0-301F-11D3-BF4B-00C04F79EFBC}") = "UPF.Core", "..\SharedSource\UPF.Core\UPF.Core.csproj", "{CDD94405-9FCC-4444-BCD8-CF763A18727C}"
EndProject
Project("{2150E333-8FDC-42A3-9474-1A3956D46DE8}") = "UPF Framework", "UPF Framework", "{EA02344E-04D4-478D-A266-D1FD4047BD0B}"
EndProject
Project("{FAE04EC0-301F-11D3-BF4B-00C04F79EFBC}") = "UPF.Web", "..\SharedSource\UPF.Web\UPF.Web.csproj", "{FA67B341-B866-46B2-80EF-EE3F2A64B7C8}"
EndProject
Project("{FAE04EC0-301F-11D3-BF4B-00C04F79EFBC}") = "UPF.Web.Mvc", "..\SharedSource\UPF.Web.Mvc\UPF.Web.Mvc.csproj", "{3608AC35-9575-420B-AE22-F9F5F2560F03}"
EndProject
Project("{FAE04EC0-301F-11D3-BF4B-00C04F79EFBC}") = "CERS", "..\SharedSource\CERS\CERS.csproj", "{3B135D0F-3E84-4A66-8B40-2DF6275CBDCD}"
EndProject
Project("{FAE04EC0-301F-11D3-BF4B-00C04F79EFBC}") = "CERS.Web.Mvc", "..\SharedSource\CERS.Web.Mvc\CERS.Web.Mvc.csproj", "{B24CAA57-4A08-4799-A2C1-81705785EC87}"
EndProject
Project("{2150E333-8FDC-42A3-9474-1A3956D46DE8}") = "Webs", "Webs", "{84EE7336-C43D-43ED-808C-34590FC9B724}"
EndProject
Project("{2150E333-8FDC-42A3-9474-1A3956D46DE8}") = "CERS Framework", "CERS Framework", "{083AE3A1-F3B7-4FAA-8E2B-3D618ED9CBC5}"
EndProject
Project("{FAE04EC0-301F-11D3-BF4B-00C04F79EFBC}") = "CERS.Web.UI.Admin", "Source\CERS.Web.UI.Admin\CERS.Web.UI.Admin.csproj", "{3FAEFBF2-9D0C-483B-8C0C-9997F2AEB246}"
EndProject
Project("{FAE04EC0-301F-11D3-BF4B-00C04F79EFBC}") = "CERS.Web.UI.Organization", "Source\CERS.Web.UI.Organization\CERS.Web.UI.Organization.csproj", "{71254E9D-DE1A-4353-97D7-0963D0EEC480}"
EndProject
Project("{FAE04EC0-301F-11D3-BF4B-00C04F79EFBC}") = "CERS.Web.UI.Regulator", "Source\CERS.Web.UI.Regulator\CERS.Web.UI.Regulator.csproj", "{998961C2-655E-46FA-BEA9-AC8AC44CF2EE}"
EndProject
Project("{2150E333-8FDC-42A3-9474-1A3956D46DE8}") = "CDR Framework", "CDR Framework", "{3940B729-448A-4B63-A945-4BADAA8F5CDE}"
EndProject
Project("{FAE04EC0-301F-11D3-BF4B-00C04F79EFBC}") = "CDR.Shared", "..\CDR\Source\CDR.Shared\CDR.Shared.csproj", "{431A4316-AD2A-469B-BE73-767D06E54C8B}"
EndProject
Project("{FAE04EC0-301F-11D3-BF4B-00C04F79EFBC}") = "CERS.Plugins", "Source\CERS.Plugins\CERS.Plugins.csproj", "{999613CD-1813-4BAE-8559-5B576003BD48}"
EndProject
Project("{FAE04EC0-301F-11D3-BF4B-00C04F79EFBC}") = "CERS.EDT", "Source\CERS.EDT\CERS.EDT.csproj", "{38E20DD7-1E8D-44D7-AB8E-1FF31275B2A0}"
EndProject
Project("{FAE04EC0-301F-11D3-BF4B-00C04F79EFBC}") = "CERS.EDT.Web.Services", "Source\CERS.EDT.Web.Services\CERS.EDT.Web.Services.csproj", "{269CE68E-DF45-4283-9A5B-C416344F3277}"
EndProject
Project("{2150E333-8FDC-42A3-9474-1A3956D46DE8}") = "EDT", "EDT", "{07A613C2-689D-4D78-92C8-EC83F00CCD6B}"
EndProject
Project("{FAE04EC0-301F-11D3-BF4B-00C04F79EFBC}") = "CERS.Web.UI.Public", "Source\CERS.Web.UI.Public\CERS.Web.UI.Public.csproj", "{CC271C77-CB0E-4133-973C-000C429DA301}"
EndProject
Project("{2150E333-8FDC-42A3-9474-1A3956D46DE8}") = "Unit Tests", "Unit Tests", "{55AF4D74-C578-4BE4-AC0D-A8C51486A817}"
EndProject
Project("{FAE04EC0-301F-11D3-BF4B-00C04F79EFBC}") = "CERS.Tests", "UnitTests\CERS.Tests\CERS.Tests.csproj", "{9A1EE189-F8C7-43B4-A3A9-7C60CD404DC0}"
EndProject
Project("{FAE04EC0-301F-11D3-BF4B-00C04F79EFBC}") = "CERS.Web.UI.Switchboard", "Source\CERS.Web.UI.Switchboard\CERS.Web.UI.Switchboard.csproj", "{7A99626E-F720-402B-ABC4-2C4B854A53EF}"
EndProject
Project("{FAE04EC0-301F-11D3-BF4B-00C04F79EFBC}") = "UPF.Web.Mvc.Bliss", "..\SharedSource\UPF.Web.Mvc.Bliss\UPF.Web.Mvc.Bliss.csproj", "{1873AF41-FF1D-4B05-8455-20707C56D2EB}"
EndProject
Global
	GlobalSection(TeamFoundationVersionControl) = preSolution
		SccNumberOfProjects = 18
		SccEnterpriseProvider = {4CA58AB2-18FA-4F8D-95D4-32DDF27D184C}
		SccTeamFoundationServer = http://uptfs.calepa.ca.gov:8080/tfs/defaultcollection
		SccLocalPath0 = .
		SccProjectUniqueName1 = ..\\SharedSource\\UPF\\UPF.csproj
		SccProjectTopLevelParentUniqueName1 = CERS.Webs.sln
		SccProjectName1 = ../SharedSource/UPF
		SccLocalPath1 = ..\\SharedSource\\UPF
		SccProjectUniqueName2 = ..\\SharedSource\\UPF.Core\\UPF.Core.csproj
		SccProjectTopLevelParentUniqueName2 = CERS.Webs.sln
		SccProjectName2 = ../SharedSource/UPF.Core
		SccLocalPath2 = ..\\SharedSource\\UPF.Core
		SccProjectUniqueName3 = ..\\SharedSource\\UPF.Web\\UPF.Web.csproj
		SccProjectTopLevelParentUniqueName3 = CERS.Webs.sln
		SccProjectName3 = ../SharedSource/UPF.Web
		SccLocalPath3 = ..\\SharedSource\\UPF.Web
		SccProjectUniqueName4 = ..\\SharedSource\\UPF.Web.Mvc\\UPF.Web.Mvc.csproj
		SccProjectTopLevelParentUniqueName4 = CERS.Webs.sln
		SccProjectName4 = ../SharedSource/UPF.Web.Mvc
		SccLocalPath4 = ..\\SharedSource\\UPF.Web.Mvc
		SccProjectUniqueName5 = ..\\SharedSource\\CERS\\CERS.csproj
		SccProjectTopLevelParentUniqueName5 = CERS.Webs.sln
		SccProjectName5 = ../SharedSource/CERS
		SccLocalPath5 = ..\\SharedSource\\CERS
		SccProjectUniqueName6 = ..\\SharedSource\\CERS.Web.Mvc\\CERS.Web.Mvc.csproj
		SccProjectTopLevelParentUniqueName6 = CERS.Webs.sln
		SccProjectName6 = ../SharedSource/CERS.Web.Mvc
		SccLocalPath6 = ..\\SharedSource\\CERS.Web.Mvc
		SccProjectUniqueName7 = Source\\CERS.Web.UI.Admin\\CERS.Web.UI.Admin.csproj
		SccProjectTopLevelParentUniqueName7 = CERS.Webs.sln
		SccProjectName7 = Source/CERS.Web.UI.Admin
		SccLocalPath7 = Source\\CERS.Web.UI.Admin
		SccProjectUniqueName8 = Source\\CERS.Web.UI.Organization\\CERS.Web.UI.Organization.csproj
		SccProjectTopLevelParentUniqueName8 = CERS.Webs.sln
		SccProjectName8 = Source/CERS.Web.UI.Organization
		SccLocalPath8 = Source\\CERS.Web.UI.Organization
		SccProjectUniqueName9 = Source\\CERS.Web.UI.Regulator\\CERS.Web.UI.Regulator.csproj
		SccProjectTopLevelParentUniqueName9 = CERS.Webs.sln
		SccProjectName9 = Source/CERS.Web.UI.Regulator
		SccLocalPath9 = Source\\CERS.Web.UI.Regulator
		SccProjectUniqueName10 = ..\\CDR\\Source\\CDR.Shared\\CDR.Shared.csproj
		SccProjectTopLevelParentUniqueName10 = CERS.Webs.sln
		SccProjectName10 = ../CDR/Source/CDR.Shared
		SccLocalPath10 = ..\\CDR\\Source\\CDR.Shared
		SccProjectUniqueName11 = Source\\CERS.Plugins\\CERS.Plugins.csproj
		SccProjectTopLevelParentUniqueName11 = CERS.Webs.sln
		SccProjectName11 = Source/CERS.Plugins
		SccLocalPath11 = Source\\CERS.Plugins
		SccProjectUniqueName12 = Source\\CERS.EDT\\CERS.EDT.csproj
		SccProjectTopLevelParentUniqueName12 = CERS.Webs.sln
		SccProjectName12 = Source/CERS.EDT
		SccLocalPath12 = Source\\CERS.EDT
		SccProjectUniqueName13 = Source\\CERS.EDT.Web.Services\\CERS.EDT.Web.Services.csproj
		SccProjectTopLevelParentUniqueName13 = CERS.Webs.sln
		SccProjectName13 = Source/CERS.EDT.Web.Services
		SccLocalPath13 = Source\\CERS.EDT.Web.Services
		SccProjectUniqueName14 = Source\\CERS.Web.UI.Public\\CERS.Web.UI.Public.csproj
		SccProjectTopLevelParentUniqueName14 = CERS.Webs.sln
		SccProjectName14 = Source/CERS.Web.UI.Public
		SccLocalPath14 = Source\\CERS.Web.UI.Public
		SccProjectUniqueName15 = UnitTests\\CERS.Tests\\CERS.Tests.csproj
		SccProjectTopLevelParentUniqueName15 = CERS.Webs.sln
		SccProjectName15 = UnitTests/CERS.Tests
		SccLocalPath15 = UnitTests\\CERS.Tests
		SccProjectUniqueName16 = Source\\CERS.Web.UI.Switchboard\\CERS.Web.UI.Switchboard.csproj
		SccProjectTopLevelParentUniqueName16 = CERS.Webs.sln
		SccProjectName16 = Source/CERS.Web.UI.Switchboard
		SccLocalPath16 = Source\\CERS.Web.UI.Switchboard
		SccProjectUniqueName17 = ..\\SharedSource\\UPF.Web.Mvc.Bliss\\UPF.Web.Mvc.Bliss.csproj
		SccProjectTopLevelParentUniqueName17 = CERS.Webs.sln
		SccProjectName17 = ../SharedSource/UPF.Web.Mvc.Bliss
		SccLocalPath17 = ..\\SharedSource\\UPF.Web.Mvc.Bliss
	EndGlobalSection
	GlobalSection(SolutionConfigurationPlatforms) = preSolution
		Debug|Any CPU = Debug|Any CPU
		Debug|Mixed Platforms = Debug|Mixed Platforms
		Debug|x64 = Debug|x64
		Debug|x86 = Debug|x86
		Development|Any CPU = Development|Any CPU
		Development|Mixed Platforms = Development|Mixed Platforms
		Development|x64 = Development|x64
		Development|x86 = Development|x86
		Documentation|Any CPU = Documentation|Any CPU
		Documentation|Mixed Platforms = Documentation|Mixed Platforms
		Documentation|x64 = Documentation|x64
		Documentation|x86 = Documentation|x86
		Production-Debug|Any CPU = Production-Debug|Any CPU
		Production-Debug|Mixed Platforms = Production-Debug|Mixed Platforms
		Production-Debug|x64 = Production-Debug|x64
		Production-Debug|x86 = Production-Debug|x86
		Production-Release|Any CPU = Production-Release|Any CPU
		Production-Release|Mixed Platforms = Production-Release|Mixed Platforms
		Production-Release|x64 = Production-Release|x64
		Production-Release|x86 = Production-Release|x86
		Release|Any CPU = Release|Any CPU
		Release|Mixed Platforms = Release|Mixed Platforms
		Release|x64 = Release|x64
		Release|x86 = Release|x86
		Staging|Any CPU = Staging|Any CPU
		Staging|Mixed Platforms = Staging|Mixed Platforms
		Staging|x64 = Staging|x64
		Staging|x86 = Staging|x86
		Testing|Any CPU = Testing|Any CPU
		Testing|Mixed Platforms = Testing|Mixed Platforms
		Testing|x64 = Testing|x64
		Testing|x86 = Testing|x86
		Training|Any CPU = Training|Any CPU
		Training|Mixed Platforms = Training|Mixed Platforms
		Training|x64 = Training|x64
		Training|x86 = Training|x86
	EndGlobalSection
	GlobalSection(ProjectConfigurationPlatforms) = postSolution
		{0ED5C9D8-6EB6-4A61-AB5D-598956399F13}.Debug|Any CPU.ActiveCfg = Debug|Any CPU
		{0ED5C9D8-6EB6-4A61-AB5D-598956399F13}.Debug|Any CPU.Build.0 = Debug|Any CPU
		{0ED5C9D8-6EB6-4A61-AB5D-598956399F13}.Debug|Mixed Platforms.ActiveCfg = Debug|Any CPU
		{0ED5C9D8-6EB6-4A61-AB5D-598956399F13}.Debug|Mixed Platforms.Build.0 = Debug|Any CPU
		{0ED5C9D8-6EB6-4A61-AB5D-598956399F13}.Debug|x64.ActiveCfg = Debug|Any CPU
		{0ED5C9D8-6EB6-4A61-AB5D-598956399F13}.Debug|x86.ActiveCfg = Debug|Any CPU
		{0ED5C9D8-6EB6-4A61-AB5D-598956399F13}.Development|Any CPU.ActiveCfg = Debug|Any CPU
		{0ED5C9D8-6EB6-4A61-AB5D-598956399F13}.Development|Any CPU.Build.0 = Debug|Any CPU
		{0ED5C9D8-6EB6-4A61-AB5D-598956399F13}.Development|Mixed Platforms.ActiveCfg = Debug|Any CPU
		{0ED5C9D8-6EB6-4A61-AB5D-598956399F13}.Development|Mixed Platforms.Build.0 = Debug|Any CPU
		{0ED5C9D8-6EB6-4A61-AB5D-598956399F13}.Development|x64.ActiveCfg = Debug|Any CPU
		{0ED5C9D8-6EB6-4A61-AB5D-598956399F13}.Development|x64.Build.0 = Debug|Any CPU
		{0ED5C9D8-6EB6-4A61-AB5D-598956399F13}.Development|x86.ActiveCfg = Debug|Any CPU
		{0ED5C9D8-6EB6-4A61-AB5D-598956399F13}.Development|x86.Build.0 = Debug|Any CPU
		{0ED5C9D8-6EB6-4A61-AB5D-598956399F13}.Documentation|Any CPU.ActiveCfg = Documentation|Any CPU
		{0ED5C9D8-6EB6-4A61-AB5D-598956399F13}.Documentation|Any CPU.Build.0 = Documentation|Any CPU
		{0ED5C9D8-6EB6-4A61-AB5D-598956399F13}.Documentation|Mixed Platforms.ActiveCfg = Documentation|Any CPU
		{0ED5C9D8-6EB6-4A61-AB5D-598956399F13}.Documentation|Mixed Platforms.Build.0 = Documentation|Any CPU
		{0ED5C9D8-6EB6-4A61-AB5D-598956399F13}.Documentation|x64.ActiveCfg = Documentation|Any CPU
		{0ED5C9D8-6EB6-4A61-AB5D-598956399F13}.Documentation|x86.ActiveCfg = Documentation|Any CPU
		{0ED5C9D8-6EB6-4A61-AB5D-598956399F13}.Production-Debug|Any CPU.ActiveCfg = Production-Debug|Any CPU
		{0ED5C9D8-6EB6-4A61-AB5D-598956399F13}.Production-Debug|Any CPU.Build.0 = Production-Debug|Any CPU
		{0ED5C9D8-6EB6-4A61-AB5D-598956399F13}.Production-Debug|Mixed Platforms.ActiveCfg = Production-Debug|Any CPU
		{0ED5C9D8-6EB6-4A61-AB5D-598956399F13}.Production-Debug|Mixed Platforms.Build.0 = Production-Debug|Any CPU
		{0ED5C9D8-6EB6-4A61-AB5D-598956399F13}.Production-Debug|x64.ActiveCfg = Production-Debug|Any CPU
		{0ED5C9D8-6EB6-4A61-AB5D-598956399F13}.Production-Debug|x86.ActiveCfg = Production-Debug|Any CPU
		{0ED5C9D8-6EB6-4A61-AB5D-598956399F13}.Production-Release|Any CPU.ActiveCfg = Production-Release|Any CPU
		{0ED5C9D8-6EB6-4A61-AB5D-598956399F13}.Production-Release|Any CPU.Build.0 = Production-Release|Any CPU
		{0ED5C9D8-6EB6-4A61-AB5D-598956399F13}.Production-Release|Mixed Platforms.ActiveCfg = Production-Release|Any CPU
		{0ED5C9D8-6EB6-4A61-AB5D-598956399F13}.Production-Release|Mixed Platforms.Build.0 = Production-Release|Any CPU
		{0ED5C9D8-6EB6-4A61-AB5D-598956399F13}.Production-Release|x64.ActiveCfg = Production-Release|Any CPU
		{0ED5C9D8-6EB6-4A61-AB5D-598956399F13}.Production-Release|x86.ActiveCfg = Production-Release|Any CPU
		{0ED5C9D8-6EB6-4A61-AB5D-598956399F13}.Release|Any CPU.ActiveCfg = Release|Any CPU
		{0ED5C9D8-6EB6-4A61-AB5D-598956399F13}.Release|Any CPU.Build.0 = Release|Any CPU
		{0ED5C9D8-6EB6-4A61-AB5D-598956399F13}.Release|Mixed Platforms.ActiveCfg = Release|Any CPU
		{0ED5C9D8-6EB6-4A61-AB5D-598956399F13}.Release|Mixed Platforms.Build.0 = Release|Any CPU
		{0ED5C9D8-6EB6-4A61-AB5D-598956399F13}.Release|x64.ActiveCfg = Release|Any CPU
		{0ED5C9D8-6EB6-4A61-AB5D-598956399F13}.Release|x86.ActiveCfg = Release|Any CPU
		{0ED5C9D8-6EB6-4A61-AB5D-598956399F13}.Staging|Any CPU.ActiveCfg = Staging|Any CPU
		{0ED5C9D8-6EB6-4A61-AB5D-598956399F13}.Staging|Any CPU.Build.0 = Staging|Any CPU
		{0ED5C9D8-6EB6-4A61-AB5D-598956399F13}.Staging|Mixed Platforms.ActiveCfg = Staging|Any CPU
		{0ED5C9D8-6EB6-4A61-AB5D-598956399F13}.Staging|Mixed Platforms.Build.0 = Staging|Any CPU
		{0ED5C9D8-6EB6-4A61-AB5D-598956399F13}.Staging|x64.ActiveCfg = Staging|Any CPU
		{0ED5C9D8-6EB6-4A61-AB5D-598956399F13}.Staging|x64.Build.0 = Staging|Any CPU
		{0ED5C9D8-6EB6-4A61-AB5D-598956399F13}.Staging|x86.ActiveCfg = Release|Any CPU
		{0ED5C9D8-6EB6-4A61-AB5D-598956399F13}.Testing|Any CPU.ActiveCfg = Testing|Any CPU
		{0ED5C9D8-6EB6-4A61-AB5D-598956399F13}.Testing|Any CPU.Build.0 = Testing|Any CPU
		{0ED5C9D8-6EB6-4A61-AB5D-598956399F13}.Testing|Mixed Platforms.ActiveCfg = Testing|Any CPU
		{0ED5C9D8-6EB6-4A61-AB5D-598956399F13}.Testing|Mixed Platforms.Build.0 = Testing|Any CPU
		{0ED5C9D8-6EB6-4A61-AB5D-598956399F13}.Testing|x64.ActiveCfg = Testing|Any CPU
		{0ED5C9D8-6EB6-4A61-AB5D-598956399F13}.Testing|x86.ActiveCfg = Training|Any CPU
		{0ED5C9D8-6EB6-4A61-AB5D-598956399F13}.Training|Any CPU.ActiveCfg = Training|Any CPU
		{0ED5C9D8-6EB6-4A61-AB5D-598956399F13}.Training|Any CPU.Build.0 = Training|Any CPU
		{0ED5C9D8-6EB6-4A61-AB5D-598956399F13}.Training|Mixed Platforms.ActiveCfg = Training|Any CPU
		{0ED5C9D8-6EB6-4A61-AB5D-598956399F13}.Training|Mixed Platforms.Build.0 = Training|Any CPU
		{0ED5C9D8-6EB6-4A61-AB5D-598956399F13}.Training|x64.ActiveCfg = Training|Any CPU
		{0ED5C9D8-6EB6-4A61-AB5D-598956399F13}.Training|x86.ActiveCfg = Training|Any CPU
		{CDD94405-9FCC-4444-BCD8-CF763A18727C}.Debug|Any CPU.ActiveCfg = Debug|Any CPU
		{CDD94405-9FCC-4444-BCD8-CF763A18727C}.Debug|Any CPU.Build.0 = Debug|Any CPU
		{CDD94405-9FCC-4444-BCD8-CF763A18727C}.Debug|Mixed Platforms.ActiveCfg = Debug|Any CPU
		{CDD94405-9FCC-4444-BCD8-CF763A18727C}.Debug|Mixed Platforms.Build.0 = Debug|Any CPU
		{CDD94405-9FCC-4444-BCD8-CF763A18727C}.Debug|x64.ActiveCfg = Debug|Any CPU
		{CDD94405-9FCC-4444-BCD8-CF763A18727C}.Debug|x86.ActiveCfg = Debug|Any CPU
		{CDD94405-9FCC-4444-BCD8-CF763A18727C}.Development|Any CPU.ActiveCfg = Debug|Any CPU
		{CDD94405-9FCC-4444-BCD8-CF763A18727C}.Development|Any CPU.Build.0 = Debug|Any CPU
		{CDD94405-9FCC-4444-BCD8-CF763A18727C}.Development|Mixed Platforms.ActiveCfg = Debug|Any CPU
		{CDD94405-9FCC-4444-BCD8-CF763A18727C}.Development|Mixed Platforms.Build.0 = Debug|Any CPU
		{CDD94405-9FCC-4444-BCD8-CF763A18727C}.Development|x64.ActiveCfg = Debug|Any CPU
		{CDD94405-9FCC-4444-BCD8-CF763A18727C}.Development|x64.Build.0 = Debug|Any CPU
		{CDD94405-9FCC-4444-BCD8-CF763A18727C}.Development|x86.ActiveCfg = Debug|Any CPU
		{CDD94405-9FCC-4444-BCD8-CF763A18727C}.Development|x86.Build.0 = Debug|Any CPU
		{CDD94405-9FCC-4444-BCD8-CF763A18727C}.Documentation|Any CPU.ActiveCfg = Documentation|Any CPU
		{CDD94405-9FCC-4444-BCD8-CF763A18727C}.Documentation|Any CPU.Build.0 = Documentation|Any CPU
		{CDD94405-9FCC-4444-BCD8-CF763A18727C}.Documentation|Mixed Platforms.ActiveCfg = Documentation|Any CPU
		{CDD94405-9FCC-4444-BCD8-CF763A18727C}.Documentation|Mixed Platforms.Build.0 = Documentation|Any CPU
		{CDD94405-9FCC-4444-BCD8-CF763A18727C}.Documentation|x64.ActiveCfg = Documentation|Any CPU
		{CDD94405-9FCC-4444-BCD8-CF763A18727C}.Documentation|x86.ActiveCfg = Documentation|Any CPU
		{CDD94405-9FCC-4444-BCD8-CF763A18727C}.Production-Debug|Any CPU.ActiveCfg = Production-Debug|Any CPU
		{CDD94405-9FCC-4444-BCD8-CF763A18727C}.Production-Debug|Any CPU.Build.0 = Production-Debug|Any CPU
		{CDD94405-9FCC-4444-BCD8-CF763A18727C}.Production-Debug|Mixed Platforms.ActiveCfg = Production-Debug|Any CPU
		{CDD94405-9FCC-4444-BCD8-CF763A18727C}.Production-Debug|Mixed Platforms.Build.0 = Production-Debug|Any CPU
		{CDD94405-9FCC-4444-BCD8-CF763A18727C}.Production-Debug|x64.ActiveCfg = Production-Debug|Any CPU
		{CDD94405-9FCC-4444-BCD8-CF763A18727C}.Production-Debug|x86.ActiveCfg = Production-Debug|Any CPU
		{CDD94405-9FCC-4444-BCD8-CF763A18727C}.Production-Release|Any CPU.ActiveCfg = Production-Release|Any CPU
		{CDD94405-9FCC-4444-BCD8-CF763A18727C}.Production-Release|Any CPU.Build.0 = Production-Release|Any CPU
		{CDD94405-9FCC-4444-BCD8-CF763A18727C}.Production-Release|Mixed Platforms.ActiveCfg = Production-Release|Any CPU
		{CDD94405-9FCC-4444-BCD8-CF763A18727C}.Production-Release|Mixed Platforms.Build.0 = Production-Release|Any CPU
		{CDD94405-9FCC-4444-BCD8-CF763A18727C}.Production-Release|x64.ActiveCfg = Production-Release|Any CPU
		{CDD94405-9FCC-4444-BCD8-CF763A18727C}.Production-Release|x86.ActiveCfg = Production-Release|Any CPU
		{CDD94405-9FCC-4444-BCD8-CF763A18727C}.Release|Any CPU.ActiveCfg = Release|Any CPU
		{CDD94405-9FCC-4444-BCD8-CF763A18727C}.Release|Any CPU.Build.0 = Release|Any CPU
		{CDD94405-9FCC-4444-BCD8-CF763A18727C}.Release|Mixed Platforms.ActiveCfg = Release|Any CPU
		{CDD94405-9FCC-4444-BCD8-CF763A18727C}.Release|Mixed Platforms.Build.0 = Release|Any CPU
		{CDD94405-9FCC-4444-BCD8-CF763A18727C}.Release|x64.ActiveCfg = Release|Any CPU
		{CDD94405-9FCC-4444-BCD8-CF763A18727C}.Release|x86.ActiveCfg = Release|Any CPU
		{CDD94405-9FCC-4444-BCD8-CF763A18727C}.Staging|Any CPU.ActiveCfg = Staging|Any CPU
		{CDD94405-9FCC-4444-BCD8-CF763A18727C}.Staging|Any CPU.Build.0 = Staging|Any CPU
		{CDD94405-9FCC-4444-BCD8-CF763A18727C}.Staging|Mixed Platforms.ActiveCfg = Staging|Any CPU
		{CDD94405-9FCC-4444-BCD8-CF763A18727C}.Staging|Mixed Platforms.Build.0 = Staging|Any CPU
		{CDD94405-9FCC-4444-BCD8-CF763A18727C}.Staging|x64.ActiveCfg = Staging|Any CPU
		{CDD94405-9FCC-4444-BCD8-CF763A18727C}.Staging|x64.Build.0 = Staging|Any CPU
		{CDD94405-9FCC-4444-BCD8-CF763A18727C}.Staging|x86.ActiveCfg = Staging|Any CPU
		{CDD94405-9FCC-4444-BCD8-CF763A18727C}.Testing|Any CPU.ActiveCfg = Testing|Any CPU
		{CDD94405-9FCC-4444-BCD8-CF763A18727C}.Testing|Any CPU.Build.0 = Testing|Any CPU
		{CDD94405-9FCC-4444-BCD8-CF763A18727C}.Testing|Mixed Platforms.ActiveCfg = Testing|Any CPU
		{CDD94405-9FCC-4444-BCD8-CF763A18727C}.Testing|Mixed Platforms.Build.0 = Testing|Any CPU
		{CDD94405-9FCC-4444-BCD8-CF763A18727C}.Testing|x64.ActiveCfg = Testing|Any CPU
		{CDD94405-9FCC-4444-BCD8-CF763A18727C}.Testing|x86.ActiveCfg = Testing|Any CPU
		{CDD94405-9FCC-4444-BCD8-CF763A18727C}.Training|Any CPU.ActiveCfg = Training|Any CPU
		{CDD94405-9FCC-4444-BCD8-CF763A18727C}.Training|Any CPU.Build.0 = Training|Any CPU
		{CDD94405-9FCC-4444-BCD8-CF763A18727C}.Training|Mixed Platforms.ActiveCfg = Training|Any CPU
		{CDD94405-9FCC-4444-BCD8-CF763A18727C}.Training|Mixed Platforms.Build.0 = Training|Any CPU
		{CDD94405-9FCC-4444-BCD8-CF763A18727C}.Training|x64.ActiveCfg = Training|Any CPU
		{CDD94405-9FCC-4444-BCD8-CF763A18727C}.Training|x86.ActiveCfg = Training|Any CPU
		{FA67B341-B866-46B2-80EF-EE3F2A64B7C8}.Debug|Any CPU.ActiveCfg = Debug|Any CPU
		{FA67B341-B866-46B2-80EF-EE3F2A64B7C8}.Debug|Any CPU.Build.0 = Debug|Any CPU
		{FA67B341-B866-46B2-80EF-EE3F2A64B7C8}.Debug|Mixed Platforms.ActiveCfg = Debug|Any CPU
		{FA67B341-B866-46B2-80EF-EE3F2A64B7C8}.Debug|Mixed Platforms.Build.0 = Debug|Any CPU
		{FA67B341-B866-46B2-80EF-EE3F2A64B7C8}.Debug|x64.ActiveCfg = Debug|Any CPU
		{FA67B341-B866-46B2-80EF-EE3F2A64B7C8}.Debug|x86.ActiveCfg = Debug|Any CPU
		{FA67B341-B866-46B2-80EF-EE3F2A64B7C8}.Development|Any CPU.ActiveCfg = Debug|Any CPU
		{FA67B341-B866-46B2-80EF-EE3F2A64B7C8}.Development|Any CPU.Build.0 = Debug|Any CPU
		{FA67B341-B866-46B2-80EF-EE3F2A64B7C8}.Development|Mixed Platforms.ActiveCfg = Debug|Any CPU
		{FA67B341-B866-46B2-80EF-EE3F2A64B7C8}.Development|Mixed Platforms.Build.0 = Debug|Any CPU
		{FA67B341-B866-46B2-80EF-EE3F2A64B7C8}.Development|x64.ActiveCfg = Debug|Any CPU
		{FA67B341-B866-46B2-80EF-EE3F2A64B7C8}.Development|x64.Build.0 = Debug|Any CPU
		{FA67B341-B866-46B2-80EF-EE3F2A64B7C8}.Development|x86.ActiveCfg = Debug|Any CPU
		{FA67B341-B866-46B2-80EF-EE3F2A64B7C8}.Development|x86.Build.0 = Debug|Any CPU
		{FA67B341-B866-46B2-80EF-EE3F2A64B7C8}.Documentation|Any CPU.ActiveCfg = Documentation|Any CPU
		{FA67B341-B866-46B2-80EF-EE3F2A64B7C8}.Documentation|Any CPU.Build.0 = Documentation|Any CPU
		{FA67B341-B866-46B2-80EF-EE3F2A64B7C8}.Documentation|Mixed Platforms.ActiveCfg = Documentation|Any CPU
		{FA67B341-B866-46B2-80EF-EE3F2A64B7C8}.Documentation|Mixed Platforms.Build.0 = Documentation|Any CPU
		{FA67B341-B866-46B2-80EF-EE3F2A64B7C8}.Documentation|x64.ActiveCfg = Documentation|Any CPU
		{FA67B341-B866-46B2-80EF-EE3F2A64B7C8}.Documentation|x86.ActiveCfg = Documentation|Any CPU
		{FA67B341-B866-46B2-80EF-EE3F2A64B7C8}.Production-Debug|Any CPU.ActiveCfg = Production-Debug|Any CPU
		{FA67B341-B866-46B2-80EF-EE3F2A64B7C8}.Production-Debug|Any CPU.Build.0 = Production-Debug|Any CPU
		{FA67B341-B866-46B2-80EF-EE3F2A64B7C8}.Production-Debug|Mixed Platforms.ActiveCfg = Production-Debug|Any CPU
		{FA67B341-B866-46B2-80EF-EE3F2A64B7C8}.Production-Debug|Mixed Platforms.Build.0 = Production-Debug|Any CPU
		{FA67B341-B866-46B2-80EF-EE3F2A64B7C8}.Production-Debug|x64.ActiveCfg = Production-Debug|Any CPU
		{FA67B341-B866-46B2-80EF-EE3F2A64B7C8}.Production-Debug|x86.ActiveCfg = Production-Debug|Any CPU
		{FA67B341-B866-46B2-80EF-EE3F2A64B7C8}.Production-Release|Any CPU.ActiveCfg = Production-Release|Any CPU
		{FA67B341-B866-46B2-80EF-EE3F2A64B7C8}.Production-Release|Any CPU.Build.0 = Production-Release|Any CPU
		{FA67B341-B866-46B2-80EF-EE3F2A64B7C8}.Production-Release|Mixed Platforms.ActiveCfg = Production-Release|Any CPU
		{FA67B341-B866-46B2-80EF-EE3F2A64B7C8}.Production-Release|Mixed Platforms.Build.0 = Production-Release|Any CPU
		{FA67B341-B866-46B2-80EF-EE3F2A64B7C8}.Production-Release|x64.ActiveCfg = Production-Release|Any CPU
		{FA67B341-B866-46B2-80EF-EE3F2A64B7C8}.Production-Release|x86.ActiveCfg = Production-Release|Any CPU
		{FA67B341-B866-46B2-80EF-EE3F2A64B7C8}.Release|Any CPU.ActiveCfg = Release|Any CPU
		{FA67B341-B866-46B2-80EF-EE3F2A64B7C8}.Release|Any CPU.Build.0 = Release|Any CPU
		{FA67B341-B866-46B2-80EF-EE3F2A64B7C8}.Release|Mixed Platforms.ActiveCfg = Release|Any CPU
		{FA67B341-B866-46B2-80EF-EE3F2A64B7C8}.Release|Mixed Platforms.Build.0 = Release|Any CPU
		{FA67B341-B866-46B2-80EF-EE3F2A64B7C8}.Release|x64.ActiveCfg = Release|Any CPU
		{FA67B341-B866-46B2-80EF-EE3F2A64B7C8}.Release|x86.ActiveCfg = Release|Any CPU
		{FA67B341-B866-46B2-80EF-EE3F2A64B7C8}.Staging|Any CPU.ActiveCfg = Staging|Any CPU
		{FA67B341-B866-46B2-80EF-EE3F2A64B7C8}.Staging|Any CPU.Build.0 = Staging|Any CPU
		{FA67B341-B866-46B2-80EF-EE3F2A64B7C8}.Staging|Mixed Platforms.ActiveCfg = Staging|Any CPU
		{FA67B341-B866-46B2-80EF-EE3F2A64B7C8}.Staging|Mixed Platforms.Build.0 = Staging|Any CPU
		{FA67B341-B866-46B2-80EF-EE3F2A64B7C8}.Staging|x64.ActiveCfg = Staging|Any CPU
		{FA67B341-B866-46B2-80EF-EE3F2A64B7C8}.Staging|x64.Build.0 = Staging|Any CPU
		{FA67B341-B866-46B2-80EF-EE3F2A64B7C8}.Staging|x86.ActiveCfg = Staging|Any CPU
		{FA67B341-B866-46B2-80EF-EE3F2A64B7C8}.Testing|Any CPU.ActiveCfg = Testing|Any CPU
		{FA67B341-B866-46B2-80EF-EE3F2A64B7C8}.Testing|Any CPU.Build.0 = Testing|Any CPU
		{FA67B341-B866-46B2-80EF-EE3F2A64B7C8}.Testing|Mixed Platforms.ActiveCfg = Testing|Any CPU
		{FA67B341-B866-46B2-80EF-EE3F2A64B7C8}.Testing|Mixed Platforms.Build.0 = Testing|Any CPU
		{FA67B341-B866-46B2-80EF-EE3F2A64B7C8}.Testing|x64.ActiveCfg = Testing|Any CPU
		{FA67B341-B866-46B2-80EF-EE3F2A64B7C8}.Testing|x86.ActiveCfg = Testing|Any CPU
		{FA67B341-B866-46B2-80EF-EE3F2A64B7C8}.Training|Any CPU.ActiveCfg = Training|Any CPU
		{FA67B341-B866-46B2-80EF-EE3F2A64B7C8}.Training|Any CPU.Build.0 = Training|Any CPU
		{FA67B341-B866-46B2-80EF-EE3F2A64B7C8}.Training|Mixed Platforms.ActiveCfg = Training|Any CPU
		{FA67B341-B866-46B2-80EF-EE3F2A64B7C8}.Training|Mixed Platforms.Build.0 = Training|Any CPU
		{FA67B341-B866-46B2-80EF-EE3F2A64B7C8}.Training|x64.ActiveCfg = Training|Any CPU
		{FA67B341-B866-46B2-80EF-EE3F2A64B7C8}.Training|x86.ActiveCfg = Training|Any CPU
		{3608AC35-9575-420B-AE22-F9F5F2560F03}.Debug|Any CPU.ActiveCfg = Debug|Any CPU
		{3608AC35-9575-420B-AE22-F9F5F2560F03}.Debug|Any CPU.Build.0 = Debug|Any CPU
		{3608AC35-9575-420B-AE22-F9F5F2560F03}.Debug|Mixed Platforms.ActiveCfg = Debug|Any CPU
		{3608AC35-9575-420B-AE22-F9F5F2560F03}.Debug|Mixed Platforms.Build.0 = Debug|Any CPU
		{3608AC35-9575-420B-AE22-F9F5F2560F03}.Debug|x64.ActiveCfg = Debug|Any CPU
		{3608AC35-9575-420B-AE22-F9F5F2560F03}.Debug|x86.ActiveCfg = Debug|Any CPU
		{3608AC35-9575-420B-AE22-F9F5F2560F03}.Development|Any CPU.ActiveCfg = Debug|Any CPU
		{3608AC35-9575-420B-AE22-F9F5F2560F03}.Development|Any CPU.Build.0 = Debug|Any CPU
		{3608AC35-9575-420B-AE22-F9F5F2560F03}.Development|Mixed Platforms.ActiveCfg = Debug|Any CPU
		{3608AC35-9575-420B-AE22-F9F5F2560F03}.Development|Mixed Platforms.Build.0 = Debug|Any CPU
		{3608AC35-9575-420B-AE22-F9F5F2560F03}.Development|x64.ActiveCfg = Debug|Any CPU
		{3608AC35-9575-420B-AE22-F9F5F2560F03}.Development|x64.Build.0 = Debug|Any CPU
		{3608AC35-9575-420B-AE22-F9F5F2560F03}.Development|x86.ActiveCfg = Debug|Any CPU
		{3608AC35-9575-420B-AE22-F9F5F2560F03}.Development|x86.Build.0 = Debug|Any CPU
		{3608AC35-9575-420B-AE22-F9F5F2560F03}.Documentation|Any CPU.ActiveCfg = Documentation|Any CPU
		{3608AC35-9575-420B-AE22-F9F5F2560F03}.Documentation|Any CPU.Build.0 = Documentation|Any CPU
		{3608AC35-9575-420B-AE22-F9F5F2560F03}.Documentation|Mixed Platforms.ActiveCfg = Documentation|Any CPU
		{3608AC35-9575-420B-AE22-F9F5F2560F03}.Documentation|Mixed Platforms.Build.0 = Documentation|Any CPU
		{3608AC35-9575-420B-AE22-F9F5F2560F03}.Documentation|x64.ActiveCfg = Documentation|Any CPU
		{3608AC35-9575-420B-AE22-F9F5F2560F03}.Documentation|x86.ActiveCfg = Documentation|Any CPU
		{3608AC35-9575-420B-AE22-F9F5F2560F03}.Production-Debug|Any CPU.ActiveCfg = Production-Debug|Any CPU
		{3608AC35-9575-420B-AE22-F9F5F2560F03}.Production-Debug|Any CPU.Build.0 = Production-Debug|Any CPU
		{3608AC35-9575-420B-AE22-F9F5F2560F03}.Production-Debug|Mixed Platforms.ActiveCfg = Production-Debug|Any CPU
		{3608AC35-9575-420B-AE22-F9F5F2560F03}.Production-Debug|Mixed Platforms.Build.0 = Production-Debug|Any CPU
		{3608AC35-9575-420B-AE22-F9F5F2560F03}.Production-Debug|x64.ActiveCfg = Production-Debug|Any CPU
		{3608AC35-9575-420B-AE22-F9F5F2560F03}.Production-Debug|x86.ActiveCfg = Production-Debug|Any CPU
		{3608AC35-9575-420B-AE22-F9F5F2560F03}.Production-Release|Any CPU.ActiveCfg = Production-Release|Any CPU
		{3608AC35-9575-420B-AE22-F9F5F2560F03}.Production-Release|Any CPU.Build.0 = Production-Release|Any CPU
		{3608AC35-9575-420B-AE22-F9F5F2560F03}.Production-Release|Mixed Platforms.ActiveCfg = Production-Release|Any CPU
		{3608AC35-9575-420B-AE22-F9F5F2560F03}.Production-Release|Mixed Platforms.Build.0 = Production-Release|Any CPU
		{3608AC35-9575-420B-AE22-F9F5F2560F03}.Production-Release|x64.ActiveCfg = Production-Release|Any CPU
		{3608AC35-9575-420B-AE22-F9F5F2560F03}.Production-Release|x86.ActiveCfg = Production-Release|Any CPU
		{3608AC35-9575-420B-AE22-F9F5F2560F03}.Release|Any CPU.ActiveCfg = Release|Any CPU
		{3608AC35-9575-420B-AE22-F9F5F2560F03}.Release|Any CPU.Build.0 = Release|Any CPU
		{3608AC35-9575-420B-AE22-F9F5F2560F03}.Release|Mixed Platforms.ActiveCfg = Release|Any CPU
		{3608AC35-9575-420B-AE22-F9F5F2560F03}.Release|Mixed Platforms.Build.0 = Release|Any CPU
		{3608AC35-9575-420B-AE22-F9F5F2560F03}.Release|x64.ActiveCfg = Release|Any CPU
		{3608AC35-9575-420B-AE22-F9F5F2560F03}.Release|x86.ActiveCfg = Release|Any CPU
		{3608AC35-9575-420B-AE22-F9F5F2560F03}.Staging|Any CPU.ActiveCfg = Staging|Any CPU
		{3608AC35-9575-420B-AE22-F9F5F2560F03}.Staging|Any CPU.Build.0 = Staging|Any CPU
		{3608AC35-9575-420B-AE22-F9F5F2560F03}.Staging|Mixed Platforms.ActiveCfg = Staging|Any CPU
		{3608AC35-9575-420B-AE22-F9F5F2560F03}.Staging|Mixed Platforms.Build.0 = Staging|Any CPU
		{3608AC35-9575-420B-AE22-F9F5F2560F03}.Staging|x64.ActiveCfg = Staging|Any CPU
		{3608AC35-9575-420B-AE22-F9F5F2560F03}.Staging|x64.Build.0 = Staging|Any CPU
		{3608AC35-9575-420B-AE22-F9F5F2560F03}.Staging|x86.ActiveCfg = Staging|Any CPU
		{3608AC35-9575-420B-AE22-F9F5F2560F03}.Testing|Any CPU.ActiveCfg = Testing|Any CPU
		{3608AC35-9575-420B-AE22-F9F5F2560F03}.Testing|Any CPU.Build.0 = Testing|Any CPU
		{3608AC35-9575-420B-AE22-F9F5F2560F03}.Testing|Mixed Platforms.ActiveCfg = Testing|Any CPU
		{3608AC35-9575-420B-AE22-F9F5F2560F03}.Testing|Mixed Platforms.Build.0 = Testing|Any CPU
		{3608AC35-9575-420B-AE22-F9F5F2560F03}.Testing|x64.ActiveCfg = Testing|Any CPU
		{3608AC35-9575-420B-AE22-F9F5F2560F03}.Testing|x86.ActiveCfg = Testing|Any CPU
		{3608AC35-9575-420B-AE22-F9F5F2560F03}.Training|Any CPU.ActiveCfg = Training|Any CPU
		{3608AC35-9575-420B-AE22-F9F5F2560F03}.Training|Any CPU.Build.0 = Training|Any CPU
		{3608AC35-9575-420B-AE22-F9F5F2560F03}.Training|Mixed Platforms.ActiveCfg = Training|Any CPU
		{3608AC35-9575-420B-AE22-F9F5F2560F03}.Training|Mixed Platforms.Build.0 = Training|Any CPU
		{3608AC35-9575-420B-AE22-F9F5F2560F03}.Training|x64.ActiveCfg = Training|Any CPU
		{3608AC35-9575-420B-AE22-F9F5F2560F03}.Training|x86.ActiveCfg = Training|Any CPU
		{3B135D0F-3E84-4A66-8B40-2DF6275CBDCD}.Debug|Any CPU.ActiveCfg = Debug|Any CPU
		{3B135D0F-3E84-4A66-8B40-2DF6275CBDCD}.Debug|Any CPU.Build.0 = Debug|Any CPU
		{3B135D0F-3E84-4A66-8B40-2DF6275CBDCD}.Debug|Mixed Platforms.ActiveCfg = Debug|Any CPU
		{3B135D0F-3E84-4A66-8B40-2DF6275CBDCD}.Debug|Mixed Platforms.Build.0 = Debug|Any CPU
		{3B135D0F-3E84-4A66-8B40-2DF6275CBDCD}.Debug|x64.ActiveCfg = Debug|Any CPU
		{3B135D0F-3E84-4A66-8B40-2DF6275CBDCD}.Debug|x86.ActiveCfg = Debug|Any CPU
		{3B135D0F-3E84-4A66-8B40-2DF6275CBDCD}.Development|Any CPU.ActiveCfg = Debug|Any CPU
		{3B135D0F-3E84-4A66-8B40-2DF6275CBDCD}.Development|Any CPU.Build.0 = Debug|Any CPU
		{3B135D0F-3E84-4A66-8B40-2DF6275CBDCD}.Development|Mixed Platforms.ActiveCfg = Debug|Any CPU
		{3B135D0F-3E84-4A66-8B40-2DF6275CBDCD}.Development|Mixed Platforms.Build.0 = Debug|Any CPU
		{3B135D0F-3E84-4A66-8B40-2DF6275CBDCD}.Development|x64.ActiveCfg = Debug|Any CPU
		{3B135D0F-3E84-4A66-8B40-2DF6275CBDCD}.Development|x64.Build.0 = Debug|Any CPU
		{3B135D0F-3E84-4A66-8B40-2DF6275CBDCD}.Development|x86.ActiveCfg = Debug|Any CPU
		{3B135D0F-3E84-4A66-8B40-2DF6275CBDCD}.Development|x86.Build.0 = Debug|Any CPU
		{3B135D0F-3E84-4A66-8B40-2DF6275CBDCD}.Documentation|Any CPU.ActiveCfg = Documentation|Any CPU
		{3B135D0F-3E84-4A66-8B40-2DF6275CBDCD}.Documentation|Any CPU.Build.0 = Documentation|Any CPU
		{3B135D0F-3E84-4A66-8B40-2DF6275CBDCD}.Documentation|Mixed Platforms.ActiveCfg = Documentation|Any CPU
		{3B135D0F-3E84-4A66-8B40-2DF6275CBDCD}.Documentation|Mixed Platforms.Build.0 = Documentation|Any CPU
		{3B135D0F-3E84-4A66-8B40-2DF6275CBDCD}.Documentation|x64.ActiveCfg = Documentation|Any CPU
		{3B135D0F-3E84-4A66-8B40-2DF6275CBDCD}.Documentation|x86.ActiveCfg = Documentation|Any CPU
		{3B135D0F-3E84-4A66-8B40-2DF6275CBDCD}.Production-Debug|Any CPU.ActiveCfg = Production-Debug|Any CPU
		{3B135D0F-3E84-4A66-8B40-2DF6275CBDCD}.Production-Debug|Any CPU.Build.0 = Production-Debug|Any CPU
		{3B135D0F-3E84-4A66-8B40-2DF6275CBDCD}.Production-Debug|Mixed Platforms.ActiveCfg = Production-Debug|Any CPU
		{3B135D0F-3E84-4A66-8B40-2DF6275CBDCD}.Production-Debug|Mixed Platforms.Build.0 = Production-Debug|Any CPU
		{3B135D0F-3E84-4A66-8B40-2DF6275CBDCD}.Production-Debug|x64.ActiveCfg = Production-Debug|Any CPU
		{3B135D0F-3E84-4A66-8B40-2DF6275CBDCD}.Production-Debug|x86.ActiveCfg = Production-Debug|Any CPU
		{3B135D0F-3E84-4A66-8B40-2DF6275CBDCD}.Production-Release|Any CPU.ActiveCfg = Production-Release|Any CPU
		{3B135D0F-3E84-4A66-8B40-2DF6275CBDCD}.Production-Release|Any CPU.Build.0 = Production-Release|Any CPU
		{3B135D0F-3E84-4A66-8B40-2DF6275CBDCD}.Production-Release|Mixed Platforms.ActiveCfg = Production-Release|Any CPU
		{3B135D0F-3E84-4A66-8B40-2DF6275CBDCD}.Production-Release|Mixed Platforms.Build.0 = Production-Release|Any CPU
		{3B135D0F-3E84-4A66-8B40-2DF6275CBDCD}.Production-Release|x64.ActiveCfg = Production-Release|Any CPU
		{3B135D0F-3E84-4A66-8B40-2DF6275CBDCD}.Production-Release|x86.ActiveCfg = Production-Release|Any CPU
		{3B135D0F-3E84-4A66-8B40-2DF6275CBDCD}.Release|Any CPU.ActiveCfg = Release|Any CPU
		{3B135D0F-3E84-4A66-8B40-2DF6275CBDCD}.Release|Any CPU.Build.0 = Release|Any CPU
		{3B135D0F-3E84-4A66-8B40-2DF6275CBDCD}.Release|Mixed Platforms.ActiveCfg = Release|Any CPU
		{3B135D0F-3E84-4A66-8B40-2DF6275CBDCD}.Release|Mixed Platforms.Build.0 = Release|Any CPU
		{3B135D0F-3E84-4A66-8B40-2DF6275CBDCD}.Release|x64.ActiveCfg = Release|Any CPU
		{3B135D0F-3E84-4A66-8B40-2DF6275CBDCD}.Release|x86.ActiveCfg = Release|Any CPU
		{3B135D0F-3E84-4A66-8B40-2DF6275CBDCD}.Staging|Any CPU.ActiveCfg = Staging|Any CPU
		{3B135D0F-3E84-4A66-8B40-2DF6275CBDCD}.Staging|Any CPU.Build.0 = Staging|Any CPU
		{3B135D0F-3E84-4A66-8B40-2DF6275CBDCD}.Staging|Mixed Platforms.ActiveCfg = Staging|Any CPU
		{3B135D0F-3E84-4A66-8B40-2DF6275CBDCD}.Staging|Mixed Platforms.Build.0 = Staging|Any CPU
		{3B135D0F-3E84-4A66-8B40-2DF6275CBDCD}.Staging|x64.ActiveCfg = Staging|Any CPU
		{3B135D0F-3E84-4A66-8B40-2DF6275CBDCD}.Staging|x64.Build.0 = Staging|Any CPU
		{3B135D0F-3E84-4A66-8B40-2DF6275CBDCD}.Staging|x86.ActiveCfg = Production-Release|Any CPU
		{3B135D0F-3E84-4A66-8B40-2DF6275CBDCD}.Testing|Any CPU.ActiveCfg = Testing|Any CPU
		{3B135D0F-3E84-4A66-8B40-2DF6275CBDCD}.Testing|Any CPU.Build.0 = Testing|Any CPU
		{3B135D0F-3E84-4A66-8B40-2DF6275CBDCD}.Testing|Mixed Platforms.ActiveCfg = Testing|Any CPU
		{3B135D0F-3E84-4A66-8B40-2DF6275CBDCD}.Testing|Mixed Platforms.Build.0 = Testing|Any CPU
		{3B135D0F-3E84-4A66-8B40-2DF6275CBDCD}.Testing|x64.ActiveCfg = Testing|Any CPU
		{3B135D0F-3E84-4A66-8B40-2DF6275CBDCD}.Testing|x86.ActiveCfg = Training|Any CPU
		{3B135D0F-3E84-4A66-8B40-2DF6275CBDCD}.Training|Any CPU.ActiveCfg = Training|Any CPU
		{3B135D0F-3E84-4A66-8B40-2DF6275CBDCD}.Training|Any CPU.Build.0 = Training|Any CPU
		{3B135D0F-3E84-4A66-8B40-2DF6275CBDCD}.Training|Mixed Platforms.ActiveCfg = Training|Any CPU
		{3B135D0F-3E84-4A66-8B40-2DF6275CBDCD}.Training|Mixed Platforms.Build.0 = Training|Any CPU
		{3B135D0F-3E84-4A66-8B40-2DF6275CBDCD}.Training|x64.ActiveCfg = Training|Any CPU
		{3B135D0F-3E84-4A66-8B40-2DF6275CBDCD}.Training|x86.ActiveCfg = Training|Any CPU
		{B24CAA57-4A08-4799-A2C1-81705785EC87}.Debug|Any CPU.ActiveCfg = Debug|Any CPU
		{B24CAA57-4A08-4799-A2C1-81705785EC87}.Debug|Any CPU.Build.0 = Debug|Any CPU
		{B24CAA57-4A08-4799-A2C1-81705785EC87}.Debug|Mixed Platforms.ActiveCfg = Debug|Any CPU
		{B24CAA57-4A08-4799-A2C1-81705785EC87}.Debug|Mixed Platforms.Build.0 = Debug|Any CPU
		{B24CAA57-4A08-4799-A2C1-81705785EC87}.Debug|x64.ActiveCfg = Debug|Any CPU
		{B24CAA57-4A08-4799-A2C1-81705785EC87}.Debug|x86.ActiveCfg = Debug|Any CPU
		{B24CAA57-4A08-4799-A2C1-81705785EC87}.Development|Any CPU.ActiveCfg = Debug|Any CPU
		{B24CAA57-4A08-4799-A2C1-81705785EC87}.Development|Any CPU.Build.0 = Debug|Any CPU
		{B24CAA57-4A08-4799-A2C1-81705785EC87}.Development|Mixed Platforms.ActiveCfg = Debug|Any CPU
		{B24CAA57-4A08-4799-A2C1-81705785EC87}.Development|Mixed Platforms.Build.0 = Debug|Any CPU
		{B24CAA57-4A08-4799-A2C1-81705785EC87}.Development|x64.ActiveCfg = Debug|Any CPU
		{B24CAA57-4A08-4799-A2C1-81705785EC87}.Development|x64.Build.0 = Debug|Any CPU
		{B24CAA57-4A08-4799-A2C1-81705785EC87}.Development|x86.ActiveCfg = Debug|Any CPU
		{B24CAA57-4A08-4799-A2C1-81705785EC87}.Development|x86.Build.0 = Debug|Any CPU
		{B24CAA57-4A08-4799-A2C1-81705785EC87}.Documentation|Any CPU.ActiveCfg = Documentation|Any CPU
		{B24CAA57-4A08-4799-A2C1-81705785EC87}.Documentation|Any CPU.Build.0 = Documentation|Any CPU
		{B24CAA57-4A08-4799-A2C1-81705785EC87}.Documentation|Mixed Platforms.ActiveCfg = Documentation|Any CPU
		{B24CAA57-4A08-4799-A2C1-81705785EC87}.Documentation|Mixed Platforms.Build.0 = Documentation|Any CPU
		{B24CAA57-4A08-4799-A2C1-81705785EC87}.Documentation|x64.ActiveCfg = Documentation|Any CPU
		{B24CAA57-4A08-4799-A2C1-81705785EC87}.Documentation|x86.ActiveCfg = Documentation|Any CPU
		{B24CAA57-4A08-4799-A2C1-81705785EC87}.Production-Debug|Any CPU.ActiveCfg = Production-Debug|Any CPU
		{B24CAA57-4A08-4799-A2C1-81705785EC87}.Production-Debug|Any CPU.Build.0 = Production-Debug|Any CPU
		{B24CAA57-4A08-4799-A2C1-81705785EC87}.Production-Debug|Mixed Platforms.ActiveCfg = Production-Debug|Any CPU
		{B24CAA57-4A08-4799-A2C1-81705785EC87}.Production-Debug|Mixed Platforms.Build.0 = Production-Debug|Any CPU
		{B24CAA57-4A08-4799-A2C1-81705785EC87}.Production-Debug|x64.ActiveCfg = Production-Debug|Any CPU
		{B24CAA57-4A08-4799-A2C1-81705785EC87}.Production-Debug|x86.ActiveCfg = Production-Debug|Any CPU
		{B24CAA57-4A08-4799-A2C1-81705785EC87}.Production-Release|Any CPU.ActiveCfg = Production-Release|Any CPU
		{B24CAA57-4A08-4799-A2C1-81705785EC87}.Production-Release|Any CPU.Build.0 = Production-Release|Any CPU
		{B24CAA57-4A08-4799-A2C1-81705785EC87}.Production-Release|Mixed Platforms.ActiveCfg = Production-Release|Any CPU
		{B24CAA57-4A08-4799-A2C1-81705785EC87}.Production-Release|Mixed Platforms.Build.0 = Production-Release|Any CPU
		{B24CAA57-4A08-4799-A2C1-81705785EC87}.Production-Release|x64.ActiveCfg = Production-Release|Any CPU
		{B24CAA57-4A08-4799-A2C1-81705785EC87}.Production-Release|x86.ActiveCfg = Production-Release|Any CPU
		{B24CAA57-4A08-4799-A2C1-81705785EC87}.Release|Any CPU.ActiveCfg = Release|Any CPU
		{B24CAA57-4A08-4799-A2C1-81705785EC87}.Release|Any CPU.Build.0 = Release|Any CPU
		{B24CAA57-4A08-4799-A2C1-81705785EC87}.Release|Mixed Platforms.ActiveCfg = Release|Any CPU
		{B24CAA57-4A08-4799-A2C1-81705785EC87}.Release|Mixed Platforms.Build.0 = Release|Any CPU
		{B24CAA57-4A08-4799-A2C1-81705785EC87}.Release|x64.ActiveCfg = Release|Any CPU
		{B24CAA57-4A08-4799-A2C1-81705785EC87}.Release|x86.ActiveCfg = Release|Any CPU
		{B24CAA57-4A08-4799-A2C1-81705785EC87}.Staging|Any CPU.ActiveCfg = Staging|Any CPU
		{B24CAA57-4A08-4799-A2C1-81705785EC87}.Staging|Any CPU.Build.0 = Staging|Any CPU
		{B24CAA57-4A08-4799-A2C1-81705785EC87}.Staging|Mixed Platforms.ActiveCfg = Staging|Any CPU
		{B24CAA57-4A08-4799-A2C1-81705785EC87}.Staging|Mixed Platforms.Build.0 = Staging|Any CPU
		{B24CAA57-4A08-4799-A2C1-81705785EC87}.Staging|x64.ActiveCfg = Staging|Any CPU
		{B24CAA57-4A08-4799-A2C1-81705785EC87}.Staging|x64.Build.0 = Staging|Any CPU
		{B24CAA57-4A08-4799-A2C1-81705785EC87}.Staging|x86.ActiveCfg = Production-Release|Any CPU
		{B24CAA57-4A08-4799-A2C1-81705785EC87}.Testing|Any CPU.ActiveCfg = Testing|Any CPU
		{B24CAA57-4A08-4799-A2C1-81705785EC87}.Testing|Any CPU.Build.0 = Testing|Any CPU
		{B24CAA57-4A08-4799-A2C1-81705785EC87}.Testing|Mixed Platforms.ActiveCfg = Testing|Any CPU
		{B24CAA57-4A08-4799-A2C1-81705785EC87}.Testing|Mixed Platforms.Build.0 = Testing|Any CPU
		{B24CAA57-4A08-4799-A2C1-81705785EC87}.Testing|x64.ActiveCfg = Testing|Any CPU
		{B24CAA57-4A08-4799-A2C1-81705785EC87}.Testing|x86.ActiveCfg = Training|Any CPU
		{B24CAA57-4A08-4799-A2C1-81705785EC87}.Training|Any CPU.ActiveCfg = Training|Any CPU
		{B24CAA57-4A08-4799-A2C1-81705785EC87}.Training|Any CPU.Build.0 = Training|Any CPU
		{B24CAA57-4A08-4799-A2C1-81705785EC87}.Training|Mixed Platforms.ActiveCfg = Training|Any CPU
		{B24CAA57-4A08-4799-A2C1-81705785EC87}.Training|Mixed Platforms.Build.0 = Training|Any CPU
		{B24CAA57-4A08-4799-A2C1-81705785EC87}.Training|x64.ActiveCfg = Training|Any CPU
		{B24CAA57-4A08-4799-A2C1-81705785EC87}.Training|x86.ActiveCfg = Training|Any CPU
		{3FAEFBF2-9D0C-483B-8C0C-9997F2AEB246}.Debug|Any CPU.ActiveCfg = Debug|Any CPU
		{3FAEFBF2-9D0C-483B-8C0C-9997F2AEB246}.Debug|Any CPU.Build.0 = Debug|Any CPU
		{3FAEFBF2-9D0C-483B-8C0C-9997F2AEB246}.Debug|Mixed Platforms.ActiveCfg = Debug|Any CPU
		{3FAEFBF2-9D0C-483B-8C0C-9997F2AEB246}.Debug|Mixed Platforms.Build.0 = Debug|Any CPU
		{3FAEFBF2-9D0C-483B-8C0C-9997F2AEB246}.Debug|x64.ActiveCfg = Debug|Any CPU
		{3FAEFBF2-9D0C-483B-8C0C-9997F2AEB246}.Debug|x86.ActiveCfg = Debug|Any CPU
		{3FAEFBF2-9D0C-483B-8C0C-9997F2AEB246}.Development|Any CPU.ActiveCfg = Debug|Any CPU
		{3FAEFBF2-9D0C-483B-8C0C-9997F2AEB246}.Development|Any CPU.Build.0 = Debug|Any CPU
		{3FAEFBF2-9D0C-483B-8C0C-9997F2AEB246}.Development|Mixed Platforms.ActiveCfg = Debug|Any CPU
		{3FAEFBF2-9D0C-483B-8C0C-9997F2AEB246}.Development|Mixed Platforms.Build.0 = Debug|Any CPU
		{3FAEFBF2-9D0C-483B-8C0C-9997F2AEB246}.Development|x64.ActiveCfg = Debug|Any CPU
		{3FAEFBF2-9D0C-483B-8C0C-9997F2AEB246}.Development|x64.Build.0 = Debug|Any CPU
		{3FAEFBF2-9D0C-483B-8C0C-9997F2AEB246}.Development|x86.ActiveCfg = Debug|Any CPU
		{3FAEFBF2-9D0C-483B-8C0C-9997F2AEB246}.Development|x86.Build.0 = Debug|Any CPU
		{3FAEFBF2-9D0C-483B-8C0C-9997F2AEB246}.Documentation|Any CPU.ActiveCfg = Documentation|Any CPU
		{3FAEFBF2-9D0C-483B-8C0C-9997F2AEB246}.Documentation|Any CPU.Build.0 = Documentation|Any CPU
		{3FAEFBF2-9D0C-483B-8C0C-9997F2AEB246}.Documentation|Mixed Platforms.ActiveCfg = Documentation|Any CPU
		{3FAEFBF2-9D0C-483B-8C0C-9997F2AEB246}.Documentation|Mixed Platforms.Build.0 = Documentation|Any CPU
		{3FAEFBF2-9D0C-483B-8C0C-9997F2AEB246}.Documentation|x64.ActiveCfg = Documentation|Any CPU
		{3FAEFBF2-9D0C-483B-8C0C-9997F2AEB246}.Documentation|x86.ActiveCfg = Documentation|Any CPU
		{3FAEFBF2-9D0C-483B-8C0C-9997F2AEB246}.Production-Debug|Any CPU.ActiveCfg = Production-Debug|Any CPU
		{3FAEFBF2-9D0C-483B-8C0C-9997F2AEB246}.Production-Debug|Any CPU.Build.0 = Production-Debug|Any CPU
		{3FAEFBF2-9D0C-483B-8C0C-9997F2AEB246}.Production-Debug|Mixed Platforms.ActiveCfg = Production-Debug|Any CPU
		{3FAEFBF2-9D0C-483B-8C0C-9997F2AEB246}.Production-Debug|Mixed Platforms.Build.0 = Production-Debug|Any CPU
		{3FAEFBF2-9D0C-483B-8C0C-9997F2AEB246}.Production-Debug|x64.ActiveCfg = Production-Debug|Any CPU
		{3FAEFBF2-9D0C-483B-8C0C-9997F2AEB246}.Production-Debug|x86.ActiveCfg = Production-Debug|Any CPU
		{3FAEFBF2-9D0C-483B-8C0C-9997F2AEB246}.Production-Release|Any CPU.ActiveCfg = Production-Release|Any CPU
		{3FAEFBF2-9D0C-483B-8C0C-9997F2AEB246}.Production-Release|Any CPU.Build.0 = Production-Release|Any CPU
		{3FAEFBF2-9D0C-483B-8C0C-9997F2AEB246}.Production-Release|Mixed Platforms.ActiveCfg = Production-Release|Any CPU
		{3FAEFBF2-9D0C-483B-8C0C-9997F2AEB246}.Production-Release|Mixed Platforms.Build.0 = Production-Release|Any CPU
		{3FAEFBF2-9D0C-483B-8C0C-9997F2AEB246}.Production-Release|x64.ActiveCfg = Production-Release|Any CPU
		{3FAEFBF2-9D0C-483B-8C0C-9997F2AEB246}.Production-Release|x86.ActiveCfg = Production-Release|Any CPU
		{3FAEFBF2-9D0C-483B-8C0C-9997F2AEB246}.Release|Any CPU.ActiveCfg = Release|Any CPU
		{3FAEFBF2-9D0C-483B-8C0C-9997F2AEB246}.Release|Any CPU.Build.0 = Release|Any CPU
		{3FAEFBF2-9D0C-483B-8C0C-9997F2AEB246}.Release|Mixed Platforms.ActiveCfg = Release|Any CPU
		{3FAEFBF2-9D0C-483B-8C0C-9997F2AEB246}.Release|Mixed Platforms.Build.0 = Release|Any CPU
		{3FAEFBF2-9D0C-483B-8C0C-9997F2AEB246}.Release|x64.ActiveCfg = Release|Any CPU
		{3FAEFBF2-9D0C-483B-8C0C-9997F2AEB246}.Release|x86.ActiveCfg = Release|Any CPU
		{3FAEFBF2-9D0C-483B-8C0C-9997F2AEB246}.Staging|Any CPU.ActiveCfg = Staging|Any CPU
		{3FAEFBF2-9D0C-483B-8C0C-9997F2AEB246}.Staging|Any CPU.Build.0 = Staging|Any CPU
		{3FAEFBF2-9D0C-483B-8C0C-9997F2AEB246}.Staging|Mixed Platforms.ActiveCfg = Staging|Any CPU
		{3FAEFBF2-9D0C-483B-8C0C-9997F2AEB246}.Staging|Mixed Platforms.Build.0 = Staging|Any CPU
		{3FAEFBF2-9D0C-483B-8C0C-9997F2AEB246}.Staging|x64.ActiveCfg = Staging|Any CPU
		{3FAEFBF2-9D0C-483B-8C0C-9997F2AEB246}.Staging|x64.Build.0 = Staging|Any CPU
		{3FAEFBF2-9D0C-483B-8C0C-9997F2AEB246}.Staging|x86.ActiveCfg = Release|Any CPU
		{3FAEFBF2-9D0C-483B-8C0C-9997F2AEB246}.Testing|Any CPU.ActiveCfg = Testing|Any CPU
		{3FAEFBF2-9D0C-483B-8C0C-9997F2AEB246}.Testing|Any CPU.Build.0 = Testing|Any CPU
		{3FAEFBF2-9D0C-483B-8C0C-9997F2AEB246}.Testing|Mixed Platforms.ActiveCfg = Testing|Any CPU
		{3FAEFBF2-9D0C-483B-8C0C-9997F2AEB246}.Testing|Mixed Platforms.Build.0 = Testing|Any CPU
		{3FAEFBF2-9D0C-483B-8C0C-9997F2AEB246}.Testing|x64.ActiveCfg = Testing|Any CPU
		{3FAEFBF2-9D0C-483B-8C0C-9997F2AEB246}.Testing|x86.ActiveCfg = Training|Any CPU
		{3FAEFBF2-9D0C-483B-8C0C-9997F2AEB246}.Training|Any CPU.ActiveCfg = Training|Any CPU
		{3FAEFBF2-9D0C-483B-8C0C-9997F2AEB246}.Training|Any CPU.Build.0 = Training|Any CPU
		{3FAEFBF2-9D0C-483B-8C0C-9997F2AEB246}.Training|Mixed Platforms.ActiveCfg = Training|Any CPU
		{3FAEFBF2-9D0C-483B-8C0C-9997F2AEB246}.Training|Mixed Platforms.Build.0 = Training|Any CPU
		{3FAEFBF2-9D0C-483B-8C0C-9997F2AEB246}.Training|x64.ActiveCfg = Training|Any CPU
		{3FAEFBF2-9D0C-483B-8C0C-9997F2AEB246}.Training|x86.ActiveCfg = Training|Any CPU
		{71254E9D-DE1A-4353-97D7-0963D0EEC480}.Debug|Any CPU.ActiveCfg = Debug|Any CPU
		{71254E9D-DE1A-4353-97D7-0963D0EEC480}.Debug|Any CPU.Build.0 = Debug|Any CPU
		{71254E9D-DE1A-4353-97D7-0963D0EEC480}.Debug|Mixed Platforms.ActiveCfg = Debug|Any CPU
		{71254E9D-DE1A-4353-97D7-0963D0EEC480}.Debug|Mixed Platforms.Build.0 = Debug|Any CPU
		{71254E9D-DE1A-4353-97D7-0963D0EEC480}.Debug|x64.ActiveCfg = Debug|Any CPU
		{71254E9D-DE1A-4353-97D7-0963D0EEC480}.Debug|x86.ActiveCfg = Debug|Any CPU
		{71254E9D-DE1A-4353-97D7-0963D0EEC480}.Development|Any CPU.ActiveCfg = Debug|Any CPU
		{71254E9D-DE1A-4353-97D7-0963D0EEC480}.Development|Any CPU.Build.0 = Debug|Any CPU
		{71254E9D-DE1A-4353-97D7-0963D0EEC480}.Development|Mixed Platforms.ActiveCfg = Debug|Any CPU
		{71254E9D-DE1A-4353-97D7-0963D0EEC480}.Development|Mixed Platforms.Build.0 = Debug|Any CPU
		{71254E9D-DE1A-4353-97D7-0963D0EEC480}.Development|x64.ActiveCfg = Debug|Any CPU
		{71254E9D-DE1A-4353-97D7-0963D0EEC480}.Development|x64.Build.0 = Debug|Any CPU
		{71254E9D-DE1A-4353-97D7-0963D0EEC480}.Development|x86.ActiveCfg = Debug|Any CPU
		{71254E9D-DE1A-4353-97D7-0963D0EEC480}.Development|x86.Build.0 = Debug|Any CPU
		{71254E9D-DE1A-4353-97D7-0963D0EEC480}.Documentation|Any CPU.ActiveCfg = Documentation|Any CPU
		{71254E9D-DE1A-4353-97D7-0963D0EEC480}.Documentation|Any CPU.Build.0 = Documentation|Any CPU
		{71254E9D-DE1A-4353-97D7-0963D0EEC480}.Documentation|Mixed Platforms.ActiveCfg = Documentation|Any CPU
		{71254E9D-DE1A-4353-97D7-0963D0EEC480}.Documentation|Mixed Platforms.Build.0 = Documentation|Any CPU
		{71254E9D-DE1A-4353-97D7-0963D0EEC480}.Documentation|x64.ActiveCfg = Documentation|Any CPU
		{71254E9D-DE1A-4353-97D7-0963D0EEC480}.Documentation|x86.ActiveCfg = Documentation|Any CPU
		{71254E9D-DE1A-4353-97D7-0963D0EEC480}.Production-Debug|Any CPU.ActiveCfg = Production-Debug|Any CPU
		{71254E9D-DE1A-4353-97D7-0963D0EEC480}.Production-Debug|Any CPU.Build.0 = Production-Debug|Any CPU
		{71254E9D-DE1A-4353-97D7-0963D0EEC480}.Production-Debug|Mixed Platforms.ActiveCfg = Production-Debug|Any CPU
		{71254E9D-DE1A-4353-97D7-0963D0EEC480}.Production-Debug|Mixed Platforms.Build.0 = Production-Debug|Any CPU
		{71254E9D-DE1A-4353-97D7-0963D0EEC480}.Production-Debug|x64.ActiveCfg = Production-Debug|Any CPU
		{71254E9D-DE1A-4353-97D7-0963D0EEC480}.Production-Debug|x86.ActiveCfg = Production-Debug|Any CPU
		{71254E9D-DE1A-4353-97D7-0963D0EEC480}.Production-Release|Any CPU.ActiveCfg = Production-Release|Any CPU
		{71254E9D-DE1A-4353-97D7-0963D0EEC480}.Production-Release|Any CPU.Build.0 = Production-Release|Any CPU
		{71254E9D-DE1A-4353-97D7-0963D0EEC480}.Production-Release|Mixed Platforms.ActiveCfg = Production-Release|Any CPU
		{71254E9D-DE1A-4353-97D7-0963D0EEC480}.Production-Release|Mixed Platforms.Build.0 = Production-Release|Any CPU
		{71254E9D-DE1A-4353-97D7-0963D0EEC480}.Production-Release|x64.ActiveCfg = Production-Release|Any CPU
		{71254E9D-DE1A-4353-97D7-0963D0EEC480}.Production-Release|x86.ActiveCfg = Production-Release|Any CPU
		{71254E9D-DE1A-4353-97D7-0963D0EEC480}.Release|Any CPU.ActiveCfg = Release|Any CPU
		{71254E9D-DE1A-4353-97D7-0963D0EEC480}.Release|Any CPU.Build.0 = Release|Any CPU
		{71254E9D-DE1A-4353-97D7-0963D0EEC480}.Release|Mixed Platforms.ActiveCfg = Release|Any CPU
		{71254E9D-DE1A-4353-97D7-0963D0EEC480}.Release|Mixed Platforms.Build.0 = Release|Any CPU
		{71254E9D-DE1A-4353-97D7-0963D0EEC480}.Release|x64.ActiveCfg = Release|Any CPU
		{71254E9D-DE1A-4353-97D7-0963D0EEC480}.Release|x86.ActiveCfg = Release|Any CPU
		{71254E9D-DE1A-4353-97D7-0963D0EEC480}.Staging|Any CPU.ActiveCfg = Staging|Any CPU
		{71254E9D-DE1A-4353-97D7-0963D0EEC480}.Staging|Any CPU.Build.0 = Staging|Any CPU
		{71254E9D-DE1A-4353-97D7-0963D0EEC480}.Staging|Mixed Platforms.ActiveCfg = Staging|Any CPU
		{71254E9D-DE1A-4353-97D7-0963D0EEC480}.Staging|Mixed Platforms.Build.0 = Staging|Any CPU
		{71254E9D-DE1A-4353-97D7-0963D0EEC480}.Staging|x64.ActiveCfg = Staging|Any CPU
		{71254E9D-DE1A-4353-97D7-0963D0EEC480}.Staging|x64.Build.0 = Staging|Any CPU
		{71254E9D-DE1A-4353-97D7-0963D0EEC480}.Staging|x86.ActiveCfg = Release|Any CPU
		{71254E9D-DE1A-4353-97D7-0963D0EEC480}.Testing|Any CPU.ActiveCfg = Testing|Any CPU
		{71254E9D-DE1A-4353-97D7-0963D0EEC480}.Testing|Any CPU.Build.0 = Testing|Any CPU
		{71254E9D-DE1A-4353-97D7-0963D0EEC480}.Testing|Mixed Platforms.ActiveCfg = Testing|Any CPU
		{71254E9D-DE1A-4353-97D7-0963D0EEC480}.Testing|Mixed Platforms.Build.0 = Testing|Any CPU
		{71254E9D-DE1A-4353-97D7-0963D0EEC480}.Testing|x64.ActiveCfg = Testing|Any CPU
		{71254E9D-DE1A-4353-97D7-0963D0EEC480}.Testing|x86.ActiveCfg = Testing|Any CPU
		{71254E9D-DE1A-4353-97D7-0963D0EEC480}.Training|Any CPU.ActiveCfg = Training|Any CPU
		{71254E9D-DE1A-4353-97D7-0963D0EEC480}.Training|Any CPU.Build.0 = Training|Any CPU
		{71254E9D-DE1A-4353-97D7-0963D0EEC480}.Training|Mixed Platforms.ActiveCfg = Training|Any CPU
		{71254E9D-DE1A-4353-97D7-0963D0EEC480}.Training|Mixed Platforms.Build.0 = Training|Any CPU
		{71254E9D-DE1A-4353-97D7-0963D0EEC480}.Training|x64.ActiveCfg = Training|Any CPU
		{71254E9D-DE1A-4353-97D7-0963D0EEC480}.Training|x86.ActiveCfg = Training|Any CPU
		{998961C2-655E-46FA-BEA9-AC8AC44CF2EE}.Debug|Any CPU.ActiveCfg = Debug|Any CPU
		{998961C2-655E-46FA-BEA9-AC8AC44CF2EE}.Debug|Any CPU.Build.0 = Debug|Any CPU
		{998961C2-655E-46FA-BEA9-AC8AC44CF2EE}.Debug|Mixed Platforms.ActiveCfg = Debug|Any CPU
		{998961C2-655E-46FA-BEA9-AC8AC44CF2EE}.Debug|Mixed Platforms.Build.0 = Debug|Any CPU
		{998961C2-655E-46FA-BEA9-AC8AC44CF2EE}.Debug|x64.ActiveCfg = Debug|Any CPU
		{998961C2-655E-46FA-BEA9-AC8AC44CF2EE}.Debug|x86.ActiveCfg = Debug|Any CPU
		{998961C2-655E-46FA-BEA9-AC8AC44CF2EE}.Development|Any CPU.ActiveCfg = Debug|Any CPU
		{998961C2-655E-46FA-BEA9-AC8AC44CF2EE}.Development|Any CPU.Build.0 = Debug|Any CPU
		{998961C2-655E-46FA-BEA9-AC8AC44CF2EE}.Development|Mixed Platforms.ActiveCfg = Debug|Any CPU
		{998961C2-655E-46FA-BEA9-AC8AC44CF2EE}.Development|Mixed Platforms.Build.0 = Debug|Any CPU
		{998961C2-655E-46FA-BEA9-AC8AC44CF2EE}.Development|x64.ActiveCfg = Debug|Any CPU
		{998961C2-655E-46FA-BEA9-AC8AC44CF2EE}.Development|x64.Build.0 = Debug|Any CPU
		{998961C2-655E-46FA-BEA9-AC8AC44CF2EE}.Development|x86.ActiveCfg = Debug|Any CPU
		{998961C2-655E-46FA-BEA9-AC8AC44CF2EE}.Development|x86.Build.0 = Debug|Any CPU
		{998961C2-655E-46FA-BEA9-AC8AC44CF2EE}.Documentation|Any CPU.ActiveCfg = Documentation|Any CPU
		{998961C2-655E-46FA-BEA9-AC8AC44CF2EE}.Documentation|Any CPU.Build.0 = Documentation|Any CPU
		{998961C2-655E-46FA-BEA9-AC8AC44CF2EE}.Documentation|Mixed Platforms.ActiveCfg = Documentation|Any CPU
		{998961C2-655E-46FA-BEA9-AC8AC44CF2EE}.Documentation|Mixed Platforms.Build.0 = Documentation|Any CPU
		{998961C2-655E-46FA-BEA9-AC8AC44CF2EE}.Documentation|x64.ActiveCfg = Documentation|Any CPU
		{998961C2-655E-46FA-BEA9-AC8AC44CF2EE}.Documentation|x86.ActiveCfg = Documentation|Any CPU
		{998961C2-655E-46FA-BEA9-AC8AC44CF2EE}.Production-Debug|Any CPU.ActiveCfg = Production-Debug|Any CPU
		{998961C2-655E-46FA-BEA9-AC8AC44CF2EE}.Production-Debug|Any CPU.Build.0 = Production-Debug|Any CPU
		{998961C2-655E-46FA-BEA9-AC8AC44CF2EE}.Production-Debug|Mixed Platforms.ActiveCfg = Production-Debug|Any CPU
		{998961C2-655E-46FA-BEA9-AC8AC44CF2EE}.Production-Debug|Mixed Platforms.Build.0 = Production-Debug|Any CPU
		{998961C2-655E-46FA-BEA9-AC8AC44CF2EE}.Production-Debug|x64.ActiveCfg = Production-Debug|Any CPU
		{998961C2-655E-46FA-BEA9-AC8AC44CF2EE}.Production-Debug|x86.ActiveCfg = Production-Debug|Any CPU
		{998961C2-655E-46FA-BEA9-AC8AC44CF2EE}.Production-Release|Any CPU.ActiveCfg = Production-Release|Any CPU
		{998961C2-655E-46FA-BEA9-AC8AC44CF2EE}.Production-Release|Any CPU.Build.0 = Production-Release|Any CPU
		{998961C2-655E-46FA-BEA9-AC8AC44CF2EE}.Production-Release|Mixed Platforms.ActiveCfg = Production-Release|Any CPU
		{998961C2-655E-46FA-BEA9-AC8AC44CF2EE}.Production-Release|Mixed Platforms.Build.0 = Production-Release|Any CPU
		{998961C2-655E-46FA-BEA9-AC8AC44CF2EE}.Production-Release|x64.ActiveCfg = Production-Release|Any CPU
		{998961C2-655E-46FA-BEA9-AC8AC44CF2EE}.Production-Release|x86.ActiveCfg = Production-Release|Any CPU
		{998961C2-655E-46FA-BEA9-AC8AC44CF2EE}.Release|Any CPU.ActiveCfg = Release|Any CPU
		{998961C2-655E-46FA-BEA9-AC8AC44CF2EE}.Release|Any CPU.Build.0 = Release|Any CPU
		{998961C2-655E-46FA-BEA9-AC8AC44CF2EE}.Release|Mixed Platforms.ActiveCfg = Release|Any CPU
		{998961C2-655E-46FA-BEA9-AC8AC44CF2EE}.Release|Mixed Platforms.Build.0 = Release|Any CPU
		{998961C2-655E-46FA-BEA9-AC8AC44CF2EE}.Release|x64.ActiveCfg = Release|Any CPU
		{998961C2-655E-46FA-BEA9-AC8AC44CF2EE}.Release|x86.ActiveCfg = Release|Any CPU
		{998961C2-655E-46FA-BEA9-AC8AC44CF2EE}.Staging|Any CPU.ActiveCfg = Staging|Any CPU
		{998961C2-655E-46FA-BEA9-AC8AC44CF2EE}.Staging|Any CPU.Build.0 = Staging|Any CPU
		{998961C2-655E-46FA-BEA9-AC8AC44CF2EE}.Staging|Mixed Platforms.ActiveCfg = Staging|Any CPU
		{998961C2-655E-46FA-BEA9-AC8AC44CF2EE}.Staging|Mixed Platforms.Build.0 = Staging|Any CPU
		{998961C2-655E-46FA-BEA9-AC8AC44CF2EE}.Staging|x64.ActiveCfg = Staging|Any CPU
		{998961C2-655E-46FA-BEA9-AC8AC44CF2EE}.Staging|x64.Build.0 = Staging|Any CPU
		{998961C2-655E-46FA-BEA9-AC8AC44CF2EE}.Staging|x86.ActiveCfg = Release|Any CPU
		{998961C2-655E-46FA-BEA9-AC8AC44CF2EE}.Testing|Any CPU.ActiveCfg = Testing|Any CPU
		{998961C2-655E-46FA-BEA9-AC8AC44CF2EE}.Testing|Any CPU.Build.0 = Testing|Any CPU
		{998961C2-655E-46FA-BEA9-AC8AC44CF2EE}.Testing|Mixed Platforms.ActiveCfg = Testing|Any CPU
		{998961C2-655E-46FA-BEA9-AC8AC44CF2EE}.Testing|Mixed Platforms.Build.0 = Testing|Any CPU
		{998961C2-655E-46FA-BEA9-AC8AC44CF2EE}.Testing|x64.ActiveCfg = Testing|Any CPU
		{998961C2-655E-46FA-BEA9-AC8AC44CF2EE}.Testing|x86.ActiveCfg = Training|Any CPU
		{998961C2-655E-46FA-BEA9-AC8AC44CF2EE}.Training|Any CPU.ActiveCfg = Training|Any CPU
		{998961C2-655E-46FA-BEA9-AC8AC44CF2EE}.Training|Any CPU.Build.0 = Training|Any CPU
		{998961C2-655E-46FA-BEA9-AC8AC44CF2EE}.Training|Mixed Platforms.ActiveCfg = Training|Any CPU
		{998961C2-655E-46FA-BEA9-AC8AC44CF2EE}.Training|Mixed Platforms.Build.0 = Training|Any CPU
		{998961C2-655E-46FA-BEA9-AC8AC44CF2EE}.Training|x64.ActiveCfg = Training|Any CPU
		{998961C2-655E-46FA-BEA9-AC8AC44CF2EE}.Training|x86.ActiveCfg = Training|Any CPU
		{431A4316-AD2A-469B-BE73-767D06E54C8B}.Debug|Any CPU.ActiveCfg = Debug|Any CPU
		{431A4316-AD2A-469B-BE73-767D06E54C8B}.Debug|Any CPU.Build.0 = Debug|Any CPU
		{431A4316-AD2A-469B-BE73-767D06E54C8B}.Debug|Mixed Platforms.ActiveCfg = Debug|Any CPU
		{431A4316-AD2A-469B-BE73-767D06E54C8B}.Debug|Mixed Platforms.Build.0 = Debug|Any CPU
		{431A4316-AD2A-469B-BE73-767D06E54C8B}.Debug|x64.ActiveCfg = Debug|Any CPU
		{431A4316-AD2A-469B-BE73-767D06E54C8B}.Debug|x86.ActiveCfg = Debug|Any CPU
		{431A4316-AD2A-469B-BE73-767D06E54C8B}.Development|Any CPU.ActiveCfg = Debug|Any CPU
		{431A4316-AD2A-469B-BE73-767D06E54C8B}.Development|Any CPU.Build.0 = Debug|Any CPU
		{431A4316-AD2A-469B-BE73-767D06E54C8B}.Development|Mixed Platforms.ActiveCfg = Debug|Any CPU
		{431A4316-AD2A-469B-BE73-767D06E54C8B}.Development|Mixed Platforms.Build.0 = Debug|Any CPU
		{431A4316-AD2A-469B-BE73-767D06E54C8B}.Development|x64.ActiveCfg = Debug|Any CPU
		{431A4316-AD2A-469B-BE73-767D06E54C8B}.Development|x64.Build.0 = Debug|Any CPU
		{431A4316-AD2A-469B-BE73-767D06E54C8B}.Development|x86.ActiveCfg = Debug|Any CPU
		{431A4316-AD2A-469B-BE73-767D06E54C8B}.Development|x86.Build.0 = Debug|Any CPU
		{431A4316-AD2A-469B-BE73-767D06E54C8B}.Documentation|Any CPU.ActiveCfg = Documentation|Any CPU
		{431A4316-AD2A-469B-BE73-767D06E54C8B}.Documentation|Any CPU.Build.0 = Documentation|Any CPU
		{431A4316-AD2A-469B-BE73-767D06E54C8B}.Documentation|Mixed Platforms.ActiveCfg = Documentation|Any CPU
		{431A4316-AD2A-469B-BE73-767D06E54C8B}.Documentation|Mixed Platforms.Build.0 = Documentation|Any CPU
		{431A4316-AD2A-469B-BE73-767D06E54C8B}.Documentation|x64.ActiveCfg = Documentation|Any CPU
		{431A4316-AD2A-469B-BE73-767D06E54C8B}.Documentation|x86.ActiveCfg = Documentation|Any CPU
		{431A4316-AD2A-469B-BE73-767D06E54C8B}.Production-Debug|Any CPU.ActiveCfg = Production-Debug|Any CPU
		{431A4316-AD2A-469B-BE73-767D06E54C8B}.Production-Debug|Any CPU.Build.0 = Production-Debug|Any CPU
		{431A4316-AD2A-469B-BE73-767D06E54C8B}.Production-Debug|Mixed Platforms.ActiveCfg = Production-Debug|Any CPU
		{431A4316-AD2A-469B-BE73-767D06E54C8B}.Production-Debug|Mixed Platforms.Build.0 = Production-Debug|Any CPU
		{431A4316-AD2A-469B-BE73-767D06E54C8B}.Production-Debug|x64.ActiveCfg = Production-Debug|Any CPU
		{431A4316-AD2A-469B-BE73-767D06E54C8B}.Production-Debug|x86.ActiveCfg = Production-Debug|Any CPU
		{431A4316-AD2A-469B-BE73-767D06E54C8B}.Production-Release|Any CPU.ActiveCfg = Production-Release|Any CPU
		{431A4316-AD2A-469B-BE73-767D06E54C8B}.Production-Release|Any CPU.Build.0 = Production-Release|Any CPU
		{431A4316-AD2A-469B-BE73-767D06E54C8B}.Production-Release|Mixed Platforms.ActiveCfg = Production-Release|Any CPU
		{431A4316-AD2A-469B-BE73-767D06E54C8B}.Production-Release|Mixed Platforms.Build.0 = Production-Release|Any CPU
		{431A4316-AD2A-469B-BE73-767D06E54C8B}.Production-Release|x64.ActiveCfg = Production-Release|Any CPU
		{431A4316-AD2A-469B-BE73-767D06E54C8B}.Production-Release|x86.ActiveCfg = Production-Release|Any CPU
		{431A4316-AD2A-469B-BE73-767D06E54C8B}.Release|Any CPU.ActiveCfg = Release|Any CPU
		{431A4316-AD2A-469B-BE73-767D06E54C8B}.Release|Any CPU.Build.0 = Release|Any CPU
		{431A4316-AD2A-469B-BE73-767D06E54C8B}.Release|Mixed Platforms.ActiveCfg = Release|Any CPU
		{431A4316-AD2A-469B-BE73-767D06E54C8B}.Release|Mixed Platforms.Build.0 = Release|Any CPU
		{431A4316-AD2A-469B-BE73-767D06E54C8B}.Release|x64.ActiveCfg = Release|Any CPU
		{431A4316-AD2A-469B-BE73-767D06E54C8B}.Release|x86.ActiveCfg = Release|Any CPU
		{431A4316-AD2A-469B-BE73-767D06E54C8B}.Staging|Any CPU.ActiveCfg = Staging|Any CPU
		{431A4316-AD2A-469B-BE73-767D06E54C8B}.Staging|Any CPU.Build.0 = Staging|Any CPU
		{431A4316-AD2A-469B-BE73-767D06E54C8B}.Staging|Mixed Platforms.ActiveCfg = Staging|Any CPU
		{431A4316-AD2A-469B-BE73-767D06E54C8B}.Staging|Mixed Platforms.Build.0 = Staging|Any CPU
		{431A4316-AD2A-469B-BE73-767D06E54C8B}.Staging|x64.ActiveCfg = Staging|Any CPU
		{431A4316-AD2A-469B-BE73-767D06E54C8B}.Staging|x64.Build.0 = Staging|Any CPU
		{431A4316-AD2A-469B-BE73-767D06E54C8B}.Staging|x86.ActiveCfg = Release|Any CPU
		{431A4316-AD2A-469B-BE73-767D06E54C8B}.Testing|Any CPU.ActiveCfg = Testing|Any CPU
		{431A4316-AD2A-469B-BE73-767D06E54C8B}.Testing|Any CPU.Build.0 = Testing|Any CPU
		{431A4316-AD2A-469B-BE73-767D06E54C8B}.Testing|Mixed Platforms.ActiveCfg = Testing|Any CPU
		{431A4316-AD2A-469B-BE73-767D06E54C8B}.Testing|Mixed Platforms.Build.0 = Testing|Any CPU
		{431A4316-AD2A-469B-BE73-767D06E54C8B}.Testing|x64.ActiveCfg = Testing|Any CPU
		{431A4316-AD2A-469B-BE73-767D06E54C8B}.Testing|x86.ActiveCfg = Training|Any CPU
		{431A4316-AD2A-469B-BE73-767D06E54C8B}.Training|Any CPU.ActiveCfg = Training|Any CPU
		{431A4316-AD2A-469B-BE73-767D06E54C8B}.Training|Any CPU.Build.0 = Training|Any CPU
		{431A4316-AD2A-469B-BE73-767D06E54C8B}.Training|Mixed Platforms.ActiveCfg = Training|Any CPU
		{431A4316-AD2A-469B-BE73-767D06E54C8B}.Training|Mixed Platforms.Build.0 = Training|Any CPU
		{431A4316-AD2A-469B-BE73-767D06E54C8B}.Training|x64.ActiveCfg = Training|Any CPU
		{431A4316-AD2A-469B-BE73-767D06E54C8B}.Training|x86.ActiveCfg = Training|Any CPU
		{999613CD-1813-4BAE-8559-5B576003BD48}.Debug|Any CPU.ActiveCfg = Debug|Any CPU
		{999613CD-1813-4BAE-8559-5B576003BD48}.Debug|Any CPU.Build.0 = Debug|Any CPU
		{999613CD-1813-4BAE-8559-5B576003BD48}.Debug|Mixed Platforms.ActiveCfg = Debug|Any CPU
		{999613CD-1813-4BAE-8559-5B576003BD48}.Debug|Mixed Platforms.Build.0 = Debug|Any CPU
		{999613CD-1813-4BAE-8559-5B576003BD48}.Debug|x64.ActiveCfg = Debug|Any CPU
		{999613CD-1813-4BAE-8559-5B576003BD48}.Debug|x86.ActiveCfg = Debug|Any CPU
		{999613CD-1813-4BAE-8559-5B576003BD48}.Development|Any CPU.ActiveCfg = Debug|Any CPU
		{999613CD-1813-4BAE-8559-5B576003BD48}.Development|Any CPU.Build.0 = Debug|Any CPU
		{999613CD-1813-4BAE-8559-5B576003BD48}.Development|Mixed Platforms.ActiveCfg = Debug|Any CPU
		{999613CD-1813-4BAE-8559-5B576003BD48}.Development|Mixed Platforms.Build.0 = Debug|Any CPU
		{999613CD-1813-4BAE-8559-5B576003BD48}.Development|x64.ActiveCfg = Debug|Any CPU
		{999613CD-1813-4BAE-8559-5B576003BD48}.Development|x64.Build.0 = Debug|Any CPU
		{999613CD-1813-4BAE-8559-5B576003BD48}.Development|x86.ActiveCfg = Debug|Any CPU
		{999613CD-1813-4BAE-8559-5B576003BD48}.Development|x86.Build.0 = Debug|Any CPU
		{999613CD-1813-4BAE-8559-5B576003BD48}.Documentation|Any CPU.ActiveCfg = Debug|Any CPU
		{999613CD-1813-4BAE-8559-5B576003BD48}.Documentation|Any CPU.Build.0 = Debug|Any CPU
		{999613CD-1813-4BAE-8559-5B576003BD48}.Documentation|Mixed Platforms.ActiveCfg = Debug|Any CPU
		{999613CD-1813-4BAE-8559-5B576003BD48}.Documentation|Mixed Platforms.Build.0 = Debug|Any CPU
		{999613CD-1813-4BAE-8559-5B576003BD48}.Documentation|x64.ActiveCfg = Debug|Any CPU
		{999613CD-1813-4BAE-8559-5B576003BD48}.Documentation|x86.ActiveCfg = Debug|Any CPU
		{999613CD-1813-4BAE-8559-5B576003BD48}.Production-Debug|Any CPU.ActiveCfg = Debug|Any CPU
		{999613CD-1813-4BAE-8559-5B576003BD48}.Production-Debug|Any CPU.Build.0 = Debug|Any CPU
		{999613CD-1813-4BAE-8559-5B576003BD48}.Production-Debug|Mixed Platforms.ActiveCfg = Debug|Any CPU
		{999613CD-1813-4BAE-8559-5B576003BD48}.Production-Debug|Mixed Platforms.Build.0 = Debug|Any CPU
		{999613CD-1813-4BAE-8559-5B576003BD48}.Production-Debug|x64.ActiveCfg = Debug|Any CPU
		{999613CD-1813-4BAE-8559-5B576003BD48}.Production-Debug|x86.ActiveCfg = Debug|Any CPU
		{999613CD-1813-4BAE-8559-5B576003BD48}.Production-Release|Any CPU.ActiveCfg = Release|Any CPU
		{999613CD-1813-4BAE-8559-5B576003BD48}.Production-Release|Any CPU.Build.0 = Release|Any CPU
		{999613CD-1813-4BAE-8559-5B576003BD48}.Production-Release|Mixed Platforms.ActiveCfg = Release|Any CPU
		{999613CD-1813-4BAE-8559-5B576003BD48}.Production-Release|Mixed Platforms.Build.0 = Release|Any CPU
		{999613CD-1813-4BAE-8559-5B576003BD48}.Production-Release|x64.ActiveCfg = Release|Any CPU
		{999613CD-1813-4BAE-8559-5B576003BD48}.Production-Release|x86.ActiveCfg = Release|Any CPU
		{999613CD-1813-4BAE-8559-5B576003BD48}.Release|Any CPU.ActiveCfg = Release|Any CPU
		{999613CD-1813-4BAE-8559-5B576003BD48}.Release|Any CPU.Build.0 = Release|Any CPU
		{999613CD-1813-4BAE-8559-5B576003BD48}.Release|Mixed Platforms.ActiveCfg = Release|Any CPU
		{999613CD-1813-4BAE-8559-5B576003BD48}.Release|Mixed Platforms.Build.0 = Release|Any CPU
		{999613CD-1813-4BAE-8559-5B576003BD48}.Release|x64.ActiveCfg = Release|Any CPU
		{999613CD-1813-4BAE-8559-5B576003BD48}.Release|x86.ActiveCfg = Release|Any CPU
		{999613CD-1813-4BAE-8559-5B576003BD48}.Staging|Any CPU.ActiveCfg = Staging|Any CPU
		{999613CD-1813-4BAE-8559-5B576003BD48}.Staging|Any CPU.Build.0 = Staging|Any CPU
		{999613CD-1813-4BAE-8559-5B576003BD48}.Staging|Mixed Platforms.ActiveCfg = Staging|Any CPU
		{999613CD-1813-4BAE-8559-5B576003BD48}.Staging|Mixed Platforms.Build.0 = Staging|Any CPU
		{999613CD-1813-4BAE-8559-5B576003BD48}.Staging|x64.ActiveCfg = Staging|Any CPU
		{999613CD-1813-4BAE-8559-5B576003BD48}.Staging|x64.Build.0 = Staging|Any CPU
		{999613CD-1813-4BAE-8559-5B576003BD48}.Staging|x86.ActiveCfg = Release|Any CPU
		{999613CD-1813-4BAE-8559-5B576003BD48}.Testing|Any CPU.ActiveCfg = Testing|Any CPU
		{999613CD-1813-4BAE-8559-5B576003BD48}.Testing|Any CPU.Build.0 = Testing|Any CPU
		{999613CD-1813-4BAE-8559-5B576003BD48}.Testing|Mixed Platforms.ActiveCfg = Testing|Any CPU
		{999613CD-1813-4BAE-8559-5B576003BD48}.Testing|Mixed Platforms.Build.0 = Testing|Any CPU
		{999613CD-1813-4BAE-8559-5B576003BD48}.Testing|x64.ActiveCfg = Release|Any CPU
		{999613CD-1813-4BAE-8559-5B576003BD48}.Testing|x86.ActiveCfg = Release|Any CPU
		{999613CD-1813-4BAE-8559-5B576003BD48}.Training|Any CPU.ActiveCfg = Training|Any CPU
		{999613CD-1813-4BAE-8559-5B576003BD48}.Training|Any CPU.Build.0 = Training|Any CPU
		{999613CD-1813-4BAE-8559-5B576003BD48}.Training|Mixed Platforms.ActiveCfg = Training|Any CPU
		{999613CD-1813-4BAE-8559-5B576003BD48}.Training|Mixed Platforms.Build.0 = Training|Any CPU
		{999613CD-1813-4BAE-8559-5B576003BD48}.Training|x64.ActiveCfg = Release|Any CPU
		{999613CD-1813-4BAE-8559-5B576003BD48}.Training|x86.ActiveCfg = Release|Any CPU
		{38E20DD7-1E8D-44D7-AB8E-1FF31275B2A0}.Debug|Any CPU.ActiveCfg = Debug|Any CPU
		{38E20DD7-1E8D-44D7-AB8E-1FF31275B2A0}.Debug|Any CPU.Build.0 = Debug|Any CPU
		{38E20DD7-1E8D-44D7-AB8E-1FF31275B2A0}.Debug|Mixed Platforms.ActiveCfg = Debug|Any CPU
		{38E20DD7-1E8D-44D7-AB8E-1FF31275B2A0}.Debug|Mixed Platforms.Build.0 = Debug|Any CPU
		{38E20DD7-1E8D-44D7-AB8E-1FF31275B2A0}.Debug|x64.ActiveCfg = Debug|Any CPU
		{38E20DD7-1E8D-44D7-AB8E-1FF31275B2A0}.Debug|x86.ActiveCfg = Debug|Any CPU
		{38E20DD7-1E8D-44D7-AB8E-1FF31275B2A0}.Development|Any CPU.ActiveCfg = Debug|Any CPU
		{38E20DD7-1E8D-44D7-AB8E-1FF31275B2A0}.Development|Any CPU.Build.0 = Debug|Any CPU
		{38E20DD7-1E8D-44D7-AB8E-1FF31275B2A0}.Development|Mixed Platforms.ActiveCfg = Debug|Any CPU
		{38E20DD7-1E8D-44D7-AB8E-1FF31275B2A0}.Development|Mixed Platforms.Build.0 = Debug|Any CPU
		{38E20DD7-1E8D-44D7-AB8E-1FF31275B2A0}.Development|x64.ActiveCfg = Debug|Any CPU
		{38E20DD7-1E8D-44D7-AB8E-1FF31275B2A0}.Development|x64.Build.0 = Debug|Any CPU
		{38E20DD7-1E8D-44D7-AB8E-1FF31275B2A0}.Development|x86.ActiveCfg = Debug|Any CPU
		{38E20DD7-1E8D-44D7-AB8E-1FF31275B2A0}.Development|x86.Build.0 = Debug|Any CPU
		{38E20DD7-1E8D-44D7-AB8E-1FF31275B2A0}.Documentation|Any CPU.ActiveCfg = Documentation|Any CPU
		{38E20DD7-1E8D-44D7-AB8E-1FF31275B2A0}.Documentation|Any CPU.Build.0 = Documentation|Any CPU
		{38E20DD7-1E8D-44D7-AB8E-1FF31275B2A0}.Documentation|Mixed Platforms.ActiveCfg = Documentation|Any CPU
		{38E20DD7-1E8D-44D7-AB8E-1FF31275B2A0}.Documentation|Mixed Platforms.Build.0 = Documentation|Any CPU
		{38E20DD7-1E8D-44D7-AB8E-1FF31275B2A0}.Documentation|x64.ActiveCfg = Documentation|Any CPU
		{38E20DD7-1E8D-44D7-AB8E-1FF31275B2A0}.Documentation|x86.ActiveCfg = Documentation|Any CPU
		{38E20DD7-1E8D-44D7-AB8E-1FF31275B2A0}.Production-Debug|Any CPU.ActiveCfg = Production-Debug|Any CPU
		{38E20DD7-1E8D-44D7-AB8E-1FF31275B2A0}.Production-Debug|Any CPU.Build.0 = Production-Debug|Any CPU
		{38E20DD7-1E8D-44D7-AB8E-1FF31275B2A0}.Production-Debug|Mixed Platforms.ActiveCfg = Production-Debug|Any CPU
		{38E20DD7-1E8D-44D7-AB8E-1FF31275B2A0}.Production-Debug|Mixed Platforms.Build.0 = Production-Debug|Any CPU
		{38E20DD7-1E8D-44D7-AB8E-1FF31275B2A0}.Production-Debug|x64.ActiveCfg = Production-Debug|Any CPU
		{38E20DD7-1E8D-44D7-AB8E-1FF31275B2A0}.Production-Debug|x86.ActiveCfg = Production-Debug|Any CPU
		{38E20DD7-1E8D-44D7-AB8E-1FF31275B2A0}.Production-Release|Any CPU.ActiveCfg = Production-Release|Any CPU
		{38E20DD7-1E8D-44D7-AB8E-1FF31275B2A0}.Production-Release|Any CPU.Build.0 = Production-Release|Any CPU
		{38E20DD7-1E8D-44D7-AB8E-1FF31275B2A0}.Production-Release|Mixed Platforms.ActiveCfg = Production-Release|Any CPU
		{38E20DD7-1E8D-44D7-AB8E-1FF31275B2A0}.Production-Release|Mixed Platforms.Build.0 = Production-Release|Any CPU
		{38E20DD7-1E8D-44D7-AB8E-1FF31275B2A0}.Production-Release|x64.ActiveCfg = Production-Release|Any CPU
		{38E20DD7-1E8D-44D7-AB8E-1FF31275B2A0}.Production-Release|x86.ActiveCfg = Production-Release|Any CPU
		{38E20DD7-1E8D-44D7-AB8E-1FF31275B2A0}.Release|Any CPU.ActiveCfg = Release|Any CPU
		{38E20DD7-1E8D-44D7-AB8E-1FF31275B2A0}.Release|Any CPU.Build.0 = Release|Any CPU
		{38E20DD7-1E8D-44D7-AB8E-1FF31275B2A0}.Release|Mixed Platforms.ActiveCfg = Release|Any CPU
		{38E20DD7-1E8D-44D7-AB8E-1FF31275B2A0}.Release|Mixed Platforms.Build.0 = Release|Any CPU
		{38E20DD7-1E8D-44D7-AB8E-1FF31275B2A0}.Release|x64.ActiveCfg = Release|Any CPU
		{38E20DD7-1E8D-44D7-AB8E-1FF31275B2A0}.Release|x86.ActiveCfg = Release|Any CPU
		{38E20DD7-1E8D-44D7-AB8E-1FF31275B2A0}.Staging|Any CPU.ActiveCfg = Staging|Any CPU
		{38E20DD7-1E8D-44D7-AB8E-1FF31275B2A0}.Staging|Any CPU.Build.0 = Staging|Any CPU
		{38E20DD7-1E8D-44D7-AB8E-1FF31275B2A0}.Staging|Mixed Platforms.ActiveCfg = Staging|Any CPU
		{38E20DD7-1E8D-44D7-AB8E-1FF31275B2A0}.Staging|Mixed Platforms.Build.0 = Staging|Any CPU
		{38E20DD7-1E8D-44D7-AB8E-1FF31275B2A0}.Staging|x64.ActiveCfg = Staging|Any CPU
		{38E20DD7-1E8D-44D7-AB8E-1FF31275B2A0}.Staging|x64.Build.0 = Staging|Any CPU
		{38E20DD7-1E8D-44D7-AB8E-1FF31275B2A0}.Staging|x86.ActiveCfg = Staging|Any CPU
		{38E20DD7-1E8D-44D7-AB8E-1FF31275B2A0}.Testing|Any CPU.ActiveCfg = Testing|Any CPU
		{38E20DD7-1E8D-44D7-AB8E-1FF31275B2A0}.Testing|Any CPU.Build.0 = Testing|Any CPU
		{38E20DD7-1E8D-44D7-AB8E-1FF31275B2A0}.Testing|Mixed Platforms.ActiveCfg = Testing|Any CPU
		{38E20DD7-1E8D-44D7-AB8E-1FF31275B2A0}.Testing|Mixed Platforms.Build.0 = Testing|Any CPU
		{38E20DD7-1E8D-44D7-AB8E-1FF31275B2A0}.Testing|x64.ActiveCfg = Testing|Any CPU
		{38E20DD7-1E8D-44D7-AB8E-1FF31275B2A0}.Testing|x86.ActiveCfg = Testing|Any CPU
		{38E20DD7-1E8D-44D7-AB8E-1FF31275B2A0}.Training|Any CPU.ActiveCfg = Training|Any CPU
		{38E20DD7-1E8D-44D7-AB8E-1FF31275B2A0}.Training|Any CPU.Build.0 = Training|Any CPU
		{38E20DD7-1E8D-44D7-AB8E-1FF31275B2A0}.Training|Mixed Platforms.ActiveCfg = Training|Any CPU
		{38E20DD7-1E8D-44D7-AB8E-1FF31275B2A0}.Training|Mixed Platforms.Build.0 = Training|Any CPU
		{38E20DD7-1E8D-44D7-AB8E-1FF31275B2A0}.Training|x64.ActiveCfg = Training|Any CPU
		{38E20DD7-1E8D-44D7-AB8E-1FF31275B2A0}.Training|x86.ActiveCfg = Training|Any CPU
		{269CE68E-DF45-4283-9A5B-C416344F3277}.Debug|Any CPU.ActiveCfg = Debug|Any CPU
		{269CE68E-DF45-4283-9A5B-C416344F3277}.Debug|Any CPU.Build.0 = Debug|Any CPU
		{269CE68E-DF45-4283-9A5B-C416344F3277}.Debug|Mixed Platforms.ActiveCfg = Debug|Any CPU
		{269CE68E-DF45-4283-9A5B-C416344F3277}.Debug|Mixed Platforms.Build.0 = Debug|Any CPU
		{269CE68E-DF45-4283-9A5B-C416344F3277}.Debug|x64.ActiveCfg = Debug|Any CPU
		{269CE68E-DF45-4283-9A5B-C416344F3277}.Debug|x86.ActiveCfg = Debug|Any CPU
		{269CE68E-DF45-4283-9A5B-C416344F3277}.Development|Any CPU.ActiveCfg = Debug|Any CPU
		{269CE68E-DF45-4283-9A5B-C416344F3277}.Development|Any CPU.Build.0 = Debug|Any CPU
		{269CE68E-DF45-4283-9A5B-C416344F3277}.Development|Mixed Platforms.ActiveCfg = Debug|Any CPU
		{269CE68E-DF45-4283-9A5B-C416344F3277}.Development|Mixed Platforms.Build.0 = Debug|Any CPU
		{269CE68E-DF45-4283-9A5B-C416344F3277}.Development|x64.ActiveCfg = Debug|Any CPU
		{269CE68E-DF45-4283-9A5B-C416344F3277}.Development|x64.Build.0 = Debug|Any CPU
		{269CE68E-DF45-4283-9A5B-C416344F3277}.Development|x86.ActiveCfg = Debug|Any CPU
		{269CE68E-DF45-4283-9A5B-C416344F3277}.Documentation|Any CPU.ActiveCfg = Debug|Any CPU
		{269CE68E-DF45-4283-9A5B-C416344F3277}.Documentation|Any CPU.Build.0 = Debug|Any CPU
		{269CE68E-DF45-4283-9A5B-C416344F3277}.Documentation|Mixed Platforms.ActiveCfg = Debug|Any CPU
		{269CE68E-DF45-4283-9A5B-C416344F3277}.Documentation|Mixed Platforms.Build.0 = Debug|Any CPU
		{269CE68E-DF45-4283-9A5B-C416344F3277}.Documentation|x64.ActiveCfg = Debug|Any CPU
		{269CE68E-DF45-4283-9A5B-C416344F3277}.Documentation|x86.ActiveCfg = Debug|Any CPU
		{269CE68E-DF45-4283-9A5B-C416344F3277}.Production-Debug|Any CPU.ActiveCfg = Debug|Any CPU
		{269CE68E-DF45-4283-9A5B-C416344F3277}.Production-Debug|Any CPU.Build.0 = Debug|Any CPU
		{269CE68E-DF45-4283-9A5B-C416344F3277}.Production-Debug|Mixed Platforms.ActiveCfg = Debug|Any CPU
		{269CE68E-DF45-4283-9A5B-C416344F3277}.Production-Debug|Mixed Platforms.Build.0 = Debug|Any CPU
		{269CE68E-DF45-4283-9A5B-C416344F3277}.Production-Debug|x64.ActiveCfg = Debug|Any CPU
		{269CE68E-DF45-4283-9A5B-C416344F3277}.Production-Debug|x86.ActiveCfg = Debug|Any CPU
		{269CE68E-DF45-4283-9A5B-C416344F3277}.Production-Release|Any CPU.ActiveCfg = Release|Any CPU
		{269CE68E-DF45-4283-9A5B-C416344F3277}.Production-Release|Any CPU.Build.0 = Release|Any CPU
		{269CE68E-DF45-4283-9A5B-C416344F3277}.Production-Release|Mixed Platforms.ActiveCfg = Production-Release|Any CPU
		{269CE68E-DF45-4283-9A5B-C416344F3277}.Production-Release|Mixed Platforms.Build.0 = Production-Release|Any CPU
		{269CE68E-DF45-4283-9A5B-C416344F3277}.Production-Release|x64.ActiveCfg = Release|Any CPU
		{269CE68E-DF45-4283-9A5B-C416344F3277}.Production-Release|x86.ActiveCfg = Release|Any CPU
		{269CE68E-DF45-4283-9A5B-C416344F3277}.Release|Any CPU.ActiveCfg = Release|Any CPU
		{269CE68E-DF45-4283-9A5B-C416344F3277}.Release|Any CPU.Build.0 = Release|Any CPU
		{269CE68E-DF45-4283-9A5B-C416344F3277}.Release|Mixed Platforms.ActiveCfg = Release|Any CPU
		{269CE68E-DF45-4283-9A5B-C416344F3277}.Release|Mixed Platforms.Build.0 = Release|Any CPU
		{269CE68E-DF45-4283-9A5B-C416344F3277}.Release|x64.ActiveCfg = Release|Any CPU
		{269CE68E-DF45-4283-9A5B-C416344F3277}.Release|x86.ActiveCfg = Release|Any CPU
		{269CE68E-DF45-4283-9A5B-C416344F3277}.Staging|Any CPU.ActiveCfg = Staging|Any CPU
		{269CE68E-DF45-4283-9A5B-C416344F3277}.Staging|Any CPU.Build.0 = Staging|Any CPU
		{269CE68E-DF45-4283-9A5B-C416344F3277}.Staging|Mixed Platforms.ActiveCfg = Staging|Any CPU
		{269CE68E-DF45-4283-9A5B-C416344F3277}.Staging|Mixed Platforms.Build.0 = Staging|Any CPU
		{269CE68E-DF45-4283-9A5B-C416344F3277}.Staging|x64.ActiveCfg = Staging|Any CPU
		{269CE68E-DF45-4283-9A5B-C416344F3277}.Staging|x64.Build.0 = Staging|Any CPU
		{269CE68E-DF45-4283-9A5B-C416344F3277}.Staging|x86.ActiveCfg = Release|Any CPU
		{269CE68E-DF45-4283-9A5B-C416344F3277}.Testing|Any CPU.ActiveCfg = Testing|Any CPU
		{269CE68E-DF45-4283-9A5B-C416344F3277}.Testing|Any CPU.Build.0 = Testing|Any CPU
		{269CE68E-DF45-4283-9A5B-C416344F3277}.Testing|Mixed Platforms.ActiveCfg = Testing|Any CPU
		{269CE68E-DF45-4283-9A5B-C416344F3277}.Testing|Mixed Platforms.Build.0 = Testing|Any CPU
		{269CE68E-DF45-4283-9A5B-C416344F3277}.Testing|x64.ActiveCfg = Release|Any CPU
		{269CE68E-DF45-4283-9A5B-C416344F3277}.Testing|x86.ActiveCfg = Release|Any CPU
		{269CE68E-DF45-4283-9A5B-C416344F3277}.Training|Any CPU.ActiveCfg = Training|Any CPU
		{269CE68E-DF45-4283-9A5B-C416344F3277}.Training|Any CPU.Build.0 = Training|Any CPU
		{269CE68E-DF45-4283-9A5B-C416344F3277}.Training|Mixed Platforms.ActiveCfg = Training|Any CPU
		{269CE68E-DF45-4283-9A5B-C416344F3277}.Training|Mixed Platforms.Build.0 = Training|Any CPU
		{269CE68E-DF45-4283-9A5B-C416344F3277}.Training|x64.ActiveCfg = Release|Any CPU
		{269CE68E-DF45-4283-9A5B-C416344F3277}.Training|x86.ActiveCfg = Release|Any CPU
		{CC271C77-CB0E-4133-973C-000C429DA301}.Debug|Any CPU.ActiveCfg = Debug|Any CPU
		{CC271C77-CB0E-4133-973C-000C429DA301}.Debug|Any CPU.Build.0 = Debug|Any CPU
		{CC271C77-CB0E-4133-973C-000C429DA301}.Debug|Mixed Platforms.ActiveCfg = Debug|Any CPU
		{CC271C77-CB0E-4133-973C-000C429DA301}.Debug|Mixed Platforms.Build.0 = Debug|Any CPU
		{CC271C77-CB0E-4133-973C-000C429DA301}.Debug|x64.ActiveCfg = Debug|Any CPU
		{CC271C77-CB0E-4133-973C-000C429DA301}.Debug|x86.ActiveCfg = Debug|Any CPU
		{CC271C77-CB0E-4133-973C-000C429DA301}.Development|Any CPU.ActiveCfg = Debug|Any CPU
		{CC271C77-CB0E-4133-973C-000C429DA301}.Development|Any CPU.Build.0 = Debug|Any CPU
		{CC271C77-CB0E-4133-973C-000C429DA301}.Development|Mixed Platforms.ActiveCfg = Debug|Any CPU
		{CC271C77-CB0E-4133-973C-000C429DA301}.Development|Mixed Platforms.Build.0 = Debug|Any CPU
		{CC271C77-CB0E-4133-973C-000C429DA301}.Development|x64.ActiveCfg = Debug|Any CPU
		{CC271C77-CB0E-4133-973C-000C429DA301}.Development|x86.ActiveCfg = Debug|Any CPU
		{CC271C77-CB0E-4133-973C-000C429DA301}.Documentation|Any CPU.ActiveCfg = Debug|Any CPU
		{CC271C77-CB0E-4133-973C-000C429DA301}.Documentation|Any CPU.Build.0 = Debug|Any CPU
		{CC271C77-CB0E-4133-973C-000C429DA301}.Documentation|Mixed Platforms.ActiveCfg = Debug|Any CPU
		{CC271C77-CB0E-4133-973C-000C429DA301}.Documentation|Mixed Platforms.Build.0 = Debug|Any CPU
		{CC271C77-CB0E-4133-973C-000C429DA301}.Documentation|x64.ActiveCfg = Debug|Any CPU
		{CC271C77-CB0E-4133-973C-000C429DA301}.Documentation|x86.ActiveCfg = Debug|Any CPU
		{CC271C77-CB0E-4133-973C-000C429DA301}.Production-Debug|Any CPU.ActiveCfg = Debug|Any CPU
		{CC271C77-CB0E-4133-973C-000C429DA301}.Production-Debug|Any CPU.Build.0 = Debug|Any CPU
		{CC271C77-CB0E-4133-973C-000C429DA301}.Production-Debug|Mixed Platforms.ActiveCfg = Debug|Any CPU
		{CC271C77-CB0E-4133-973C-000C429DA301}.Production-Debug|Mixed Platforms.Build.0 = Debug|Any CPU
		{CC271C77-CB0E-4133-973C-000C429DA301}.Production-Debug|x64.ActiveCfg = Debug|Any CPU
		{CC271C77-CB0E-4133-973C-000C429DA301}.Production-Debug|x86.ActiveCfg = Debug|Any CPU
		{CC271C77-CB0E-4133-973C-000C429DA301}.Production-Release|Any CPU.ActiveCfg = Release|Any CPU
		{CC271C77-CB0E-4133-973C-000C429DA301}.Production-Release|Any CPU.Build.0 = Release|Any CPU
		{CC271C77-CB0E-4133-973C-000C429DA301}.Production-Release|Mixed Platforms.ActiveCfg = Production-Release|Any CPU
		{CC271C77-CB0E-4133-973C-000C429DA301}.Production-Release|Mixed Platforms.Build.0 = Production-Release|Any CPU
		{CC271C77-CB0E-4133-973C-000C429DA301}.Production-Release|x64.ActiveCfg = Release|Any CPU
		{CC271C77-CB0E-4133-973C-000C429DA301}.Production-Release|x86.ActiveCfg = Release|Any CPU
		{CC271C77-CB0E-4133-973C-000C429DA301}.Release|Any CPU.ActiveCfg = Release|Any CPU
		{CC271C77-CB0E-4133-973C-000C429DA301}.Release|Any CPU.Build.0 = Release|Any CPU
		{CC271C77-CB0E-4133-973C-000C429DA301}.Release|Mixed Platforms.ActiveCfg = Release|Any CPU
		{CC271C77-CB0E-4133-973C-000C429DA301}.Release|Mixed Platforms.Build.0 = Release|Any CPU
		{CC271C77-CB0E-4133-973C-000C429DA301}.Release|x64.ActiveCfg = Release|Any CPU
		{CC271C77-CB0E-4133-973C-000C429DA301}.Release|x86.ActiveCfg = Release|Any CPU
		{CC271C77-CB0E-4133-973C-000C429DA301}.Staging|Any CPU.ActiveCfg = Staging|Any CPU
		{CC271C77-CB0E-4133-973C-000C429DA301}.Staging|Any CPU.Build.0 = Staging|Any CPU
		{CC271C77-CB0E-4133-973C-000C429DA301}.Staging|Mixed Platforms.ActiveCfg = Staging|Any CPU
		{CC271C77-CB0E-4133-973C-000C429DA301}.Staging|Mixed Platforms.Build.0 = Staging|Any CPU
		{CC271C77-CB0E-4133-973C-000C429DA301}.Staging|x64.ActiveCfg = Release|Any CPU
		{CC271C77-CB0E-4133-973C-000C429DA301}.Staging|x86.ActiveCfg = Release|Any CPU
		{CC271C77-CB0E-4133-973C-000C429DA301}.Testing|Any CPU.ActiveCfg = Testing|Any CPU
		{CC271C77-CB0E-4133-973C-000C429DA301}.Testing|Any CPU.Build.0 = Testing|Any CPU
		{CC271C77-CB0E-4133-973C-000C429DA301}.Testing|Mixed Platforms.ActiveCfg = Testing|Any CPU
		{CC271C77-CB0E-4133-973C-000C429DA301}.Testing|Mixed Platforms.Build.0 = Testing|Any CPU
		{CC271C77-CB0E-4133-973C-000C429DA301}.Testing|x64.ActiveCfg = Release|Any CPU
		{CC271C77-CB0E-4133-973C-000C429DA301}.Testing|x86.ActiveCfg = Release|Any CPU
		{CC271C77-CB0E-4133-973C-000C429DA301}.Training|Any CPU.ActiveCfg = Training|Any CPU
		{CC271C77-CB0E-4133-973C-000C429DA301}.Training|Any CPU.Build.0 = Training|Any CPU
		{CC271C77-CB0E-4133-973C-000C429DA301}.Training|Mixed Platforms.ActiveCfg = Training|Any CPU
		{CC271C77-CB0E-4133-973C-000C429DA301}.Training|Mixed Platforms.Build.0 = Training|Any CPU
		{CC271C77-CB0E-4133-973C-000C429DA301}.Training|x64.ActiveCfg = Release|Any CPU
		{CC271C77-CB0E-4133-973C-000C429DA301}.Training|x86.ActiveCfg = Release|Any CPU
		{9A1EE189-F8C7-43B4-A3A9-7C60CD404DC0}.Debug|Any CPU.ActiveCfg = Debug|Any CPU
		{9A1EE189-F8C7-43B4-A3A9-7C60CD404DC0}.Debug|Any CPU.Build.0 = Debug|Any CPU
		{9A1EE189-F8C7-43B4-A3A9-7C60CD404DC0}.Debug|Mixed Platforms.ActiveCfg = Debug|Any CPU
		{9A1EE189-F8C7-43B4-A3A9-7C60CD404DC0}.Debug|Mixed Platforms.Build.0 = Debug|Any CPU
		{9A1EE189-F8C7-43B4-A3A9-7C60CD404DC0}.Debug|x64.ActiveCfg = Debug|Any CPU
		{9A1EE189-F8C7-43B4-A3A9-7C60CD404DC0}.Debug|x86.ActiveCfg = Debug|Any CPU
		{9A1EE189-F8C7-43B4-A3A9-7C60CD404DC0}.Development|Any CPU.ActiveCfg = Debug|Any CPU
		{9A1EE189-F8C7-43B4-A3A9-7C60CD404DC0}.Development|Any CPU.Build.0 = Debug|Any CPU
		{9A1EE189-F8C7-43B4-A3A9-7C60CD404DC0}.Development|Mixed Platforms.ActiveCfg = Debug|Any CPU
		{9A1EE189-F8C7-43B4-A3A9-7C60CD404DC0}.Development|Mixed Platforms.Build.0 = Debug|Any CPU
		{9A1EE189-F8C7-43B4-A3A9-7C60CD404DC0}.Development|x64.ActiveCfg = Debug|Any CPU
		{9A1EE189-F8C7-43B4-A3A9-7C60CD404DC0}.Development|x86.ActiveCfg = Debug|Any CPU
		{9A1EE189-F8C7-43B4-A3A9-7C60CD404DC0}.Documentation|Any CPU.ActiveCfg = Debug|Any CPU
		{9A1EE189-F8C7-43B4-A3A9-7C60CD404DC0}.Documentation|Any CPU.Build.0 = Debug|Any CPU
		{9A1EE189-F8C7-43B4-A3A9-7C60CD404DC0}.Documentation|Mixed Platforms.ActiveCfg = Debug|Any CPU
		{9A1EE189-F8C7-43B4-A3A9-7C60CD404DC0}.Documentation|Mixed Platforms.Build.0 = Debug|Any CPU
		{9A1EE189-F8C7-43B4-A3A9-7C60CD404DC0}.Documentation|x64.ActiveCfg = Debug|Any CPU
		{9A1EE189-F8C7-43B4-A3A9-7C60CD404DC0}.Documentation|x86.ActiveCfg = Debug|Any CPU
		{9A1EE189-F8C7-43B4-A3A9-7C60CD404DC0}.Production-Debug|Any CPU.ActiveCfg = Debug|Any CPU
		{9A1EE189-F8C7-43B4-A3A9-7C60CD404DC0}.Production-Debug|Any CPU.Build.0 = Debug|Any CPU
		{9A1EE189-F8C7-43B4-A3A9-7C60CD404DC0}.Production-Debug|Mixed Platforms.ActiveCfg = Debug|Any CPU
		{9A1EE189-F8C7-43B4-A3A9-7C60CD404DC0}.Production-Debug|Mixed Platforms.Build.0 = Debug|Any CPU
		{9A1EE189-F8C7-43B4-A3A9-7C60CD404DC0}.Production-Debug|x64.ActiveCfg = Debug|Any CPU
		{9A1EE189-F8C7-43B4-A3A9-7C60CD404DC0}.Production-Debug|x86.ActiveCfg = Debug|Any CPU
		{9A1EE189-F8C7-43B4-A3A9-7C60CD404DC0}.Production-Release|Any CPU.ActiveCfg = Release|Any CPU
		{9A1EE189-F8C7-43B4-A3A9-7C60CD404DC0}.Production-Release|Any CPU.Build.0 = Release|Any CPU
		{9A1EE189-F8C7-43B4-A3A9-7C60CD404DC0}.Production-Release|Mixed Platforms.ActiveCfg = Release|Any CPU
		{9A1EE189-F8C7-43B4-A3A9-7C60CD404DC0}.Production-Release|Mixed Platforms.Build.0 = Release|Any CPU
		{9A1EE189-F8C7-43B4-A3A9-7C60CD404DC0}.Production-Release|x64.ActiveCfg = Release|Any CPU
		{9A1EE189-F8C7-43B4-A3A9-7C60CD404DC0}.Production-Release|x86.ActiveCfg = Release|Any CPU
		{9A1EE189-F8C7-43B4-A3A9-7C60CD404DC0}.Release|Any CPU.ActiveCfg = Release|Any CPU
		{9A1EE189-F8C7-43B4-A3A9-7C60CD404DC0}.Release|Any CPU.Build.0 = Release|Any CPU
		{9A1EE189-F8C7-43B4-A3A9-7C60CD404DC0}.Release|Mixed Platforms.ActiveCfg = Release|Any CPU
		{9A1EE189-F8C7-43B4-A3A9-7C60CD404DC0}.Release|Mixed Platforms.Build.0 = Release|Any CPU
		{9A1EE189-F8C7-43B4-A3A9-7C60CD404DC0}.Release|x64.ActiveCfg = Release|Any CPU
		{9A1EE189-F8C7-43B4-A3A9-7C60CD404DC0}.Release|x86.ActiveCfg = Release|Any CPU
		{9A1EE189-F8C7-43B4-A3A9-7C60CD404DC0}.Staging|Any CPU.ActiveCfg = Release|Any CPU
		{9A1EE189-F8C7-43B4-A3A9-7C60CD404DC0}.Staging|Any CPU.Build.0 = Release|Any CPU
		{9A1EE189-F8C7-43B4-A3A9-7C60CD404DC0}.Staging|Mixed Platforms.ActiveCfg = Release|Any CPU
		{9A1EE189-F8C7-43B4-A3A9-7C60CD404DC0}.Staging|Mixed Platforms.Build.0 = Release|Any CPU
		{9A1EE189-F8C7-43B4-A3A9-7C60CD404DC0}.Staging|x64.ActiveCfg = Release|Any CPU
		{9A1EE189-F8C7-43B4-A3A9-7C60CD404DC0}.Staging|x86.ActiveCfg = Release|Any CPU
		{9A1EE189-F8C7-43B4-A3A9-7C60CD404DC0}.Testing|Any CPU.ActiveCfg = Release|Any CPU
		{9A1EE189-F8C7-43B4-A3A9-7C60CD404DC0}.Testing|Any CPU.Build.0 = Release|Any CPU
		{9A1EE189-F8C7-43B4-A3A9-7C60CD404DC0}.Testing|Mixed Platforms.ActiveCfg = Release|Any CPU
		{9A1EE189-F8C7-43B4-A3A9-7C60CD404DC0}.Testing|Mixed Platforms.Build.0 = Release|Any CPU
		{9A1EE189-F8C7-43B4-A3A9-7C60CD404DC0}.Testing|x64.ActiveCfg = Release|Any CPU
		{9A1EE189-F8C7-43B4-A3A9-7C60CD404DC0}.Testing|x86.ActiveCfg = Release|Any CPU
		{9A1EE189-F8C7-43B4-A3A9-7C60CD404DC0}.Training|Any CPU.ActiveCfg = Release|Any CPU
		{9A1EE189-F8C7-43B4-A3A9-7C60CD404DC0}.Training|Any CPU.Build.0 = Release|Any CPU
		{9A1EE189-F8C7-43B4-A3A9-7C60CD404DC0}.Training|Mixed Platforms.ActiveCfg = Release|Any CPU
		{9A1EE189-F8C7-43B4-A3A9-7C60CD404DC0}.Training|Mixed Platforms.Build.0 = Release|Any CPU
		{9A1EE189-F8C7-43B4-A3A9-7C60CD404DC0}.Training|x64.ActiveCfg = Release|Any CPU
		{9A1EE189-F8C7-43B4-A3A9-7C60CD404DC0}.Training|x86.ActiveCfg = Release|Any CPU
		{7A99626E-F720-402B-ABC4-2C4B854A53EF}.Debug|Any CPU.ActiveCfg = Debug|Any CPU
		{7A99626E-F720-402B-ABC4-2C4B854A53EF}.Debug|Any CPU.Build.0 = Debug|Any CPU
		{7A99626E-F720-402B-ABC4-2C4B854A53EF}.Debug|Mixed Platforms.ActiveCfg = Debug|Any CPU
		{7A99626E-F720-402B-ABC4-2C4B854A53EF}.Debug|Mixed Platforms.Build.0 = Debug|Any CPU
		{7A99626E-F720-402B-ABC4-2C4B854A53EF}.Debug|x64.ActiveCfg = Debug|Any CPU
		{7A99626E-F720-402B-ABC4-2C4B854A53EF}.Debug|x86.ActiveCfg = Debug|Any CPU
		{7A99626E-F720-402B-ABC4-2C4B854A53EF}.Development|Any CPU.ActiveCfg = Debug|Any CPU
		{7A99626E-F720-402B-ABC4-2C4B854A53EF}.Development|Any CPU.Build.0 = Debug|Any CPU
		{7A99626E-F720-402B-ABC4-2C4B854A53EF}.Development|Mixed Platforms.ActiveCfg = Debug|Any CPU
		{7A99626E-F720-402B-ABC4-2C4B854A53EF}.Development|Mixed Platforms.Build.0 = Debug|Any CPU
		{7A99626E-F720-402B-ABC4-2C4B854A53EF}.Development|x64.ActiveCfg = Debug|Any CPU
		{7A99626E-F720-402B-ABC4-2C4B854A53EF}.Development|x86.ActiveCfg = Debug|Any CPU
		{7A99626E-F720-402B-ABC4-2C4B854A53EF}.Documentation|Any CPU.ActiveCfg = Debug|Any CPU
		{7A99626E-F720-402B-ABC4-2C4B854A53EF}.Documentation|Any CPU.Build.0 = Debug|Any CPU
		{7A99626E-F720-402B-ABC4-2C4B854A53EF}.Documentation|Mixed Platforms.ActiveCfg = Debug|Any CPU
		{7A99626E-F720-402B-ABC4-2C4B854A53EF}.Documentation|Mixed Platforms.Build.0 = Debug|Any CPU
		{7A99626E-F720-402B-ABC4-2C4B854A53EF}.Documentation|x64.ActiveCfg = Debug|Any CPU
		{7A99626E-F720-402B-ABC4-2C4B854A53EF}.Documentation|x86.ActiveCfg = Debug|Any CPU
		{7A99626E-F720-402B-ABC4-2C4B854A53EF}.Production-Debug|Any CPU.ActiveCfg = Debug|Any CPU
		{7A99626E-F720-402B-ABC4-2C4B854A53EF}.Production-Debug|Any CPU.Build.0 = Debug|Any CPU
		{7A99626E-F720-402B-ABC4-2C4B854A53EF}.Production-Debug|Mixed Platforms.ActiveCfg = Debug|Any CPU
		{7A99626E-F720-402B-ABC4-2C4B854A53EF}.Production-Debug|Mixed Platforms.Build.0 = Debug|Any CPU
		{7A99626E-F720-402B-ABC4-2C4B854A53EF}.Production-Debug|x64.ActiveCfg = Debug|Any CPU
		{7A99626E-F720-402B-ABC4-2C4B854A53EF}.Production-Debug|x86.ActiveCfg = Debug|Any CPU
		{7A99626E-F720-402B-ABC4-2C4B854A53EF}.Production-Release|Any CPU.ActiveCfg = Release|Any CPU
		{7A99626E-F720-402B-ABC4-2C4B854A53EF}.Production-Release|Any CPU.Build.0 = Release|Any CPU
		{7A99626E-F720-402B-ABC4-2C4B854A53EF}.Production-Release|Mixed Platforms.ActiveCfg = Release|Any CPU
		{7A99626E-F720-402B-ABC4-2C4B854A53EF}.Production-Release|Mixed Platforms.Build.0 = Release|Any CPU
		{7A99626E-F720-402B-ABC4-2C4B854A53EF}.Production-Release|x64.ActiveCfg = Release|Any CPU
		{7A99626E-F720-402B-ABC4-2C4B854A53EF}.Production-Release|x86.ActiveCfg = Release|Any CPU
		{7A99626E-F720-402B-ABC4-2C4B854A53EF}.Release|Any CPU.ActiveCfg = Release|Any CPU
		{7A99626E-F720-402B-ABC4-2C4B854A53EF}.Release|Any CPU.Build.0 = Release|Any CPU
		{7A99626E-F720-402B-ABC4-2C4B854A53EF}.Release|Mixed Platforms.ActiveCfg = Release|Any CPU
		{7A99626E-F720-402B-ABC4-2C4B854A53EF}.Release|Mixed Platforms.Build.0 = Release|Any CPU
		{7A99626E-F720-402B-ABC4-2C4B854A53EF}.Release|x64.ActiveCfg = Release|Any CPU
		{7A99626E-F720-402B-ABC4-2C4B854A53EF}.Release|x86.ActiveCfg = Release|Any CPU
		{7A99626E-F720-402B-ABC4-2C4B854A53EF}.Staging|Any CPU.ActiveCfg = Release|Any CPU
		{7A99626E-F720-402B-ABC4-2C4B854A53EF}.Staging|Any CPU.Build.0 = Release|Any CPU
		{7A99626E-F720-402B-ABC4-2C4B854A53EF}.Staging|Mixed Platforms.ActiveCfg = Staging|Any CPU
		{7A99626E-F720-402B-ABC4-2C4B854A53EF}.Staging|Mixed Platforms.Build.0 = Staging|Any CPU
		{7A99626E-F720-402B-ABC4-2C4B854A53EF}.Staging|x64.ActiveCfg = Release|Any CPU
		{7A99626E-F720-402B-ABC4-2C4B854A53EF}.Staging|x86.ActiveCfg = Release|Any CPU
		{7A99626E-F720-402B-ABC4-2C4B854A53EF}.Testing|Any CPU.ActiveCfg = Release|Any CPU
		{7A99626E-F720-402B-ABC4-2C4B854A53EF}.Testing|Any CPU.Build.0 = Release|Any CPU
		{7A99626E-F720-402B-ABC4-2C4B854A53EF}.Testing|Mixed Platforms.ActiveCfg = Release|Any CPU
		{7A99626E-F720-402B-ABC4-2C4B854A53EF}.Testing|Mixed Platforms.Build.0 = Release|Any CPU
		{7A99626E-F720-402B-ABC4-2C4B854A53EF}.Testing|x64.ActiveCfg = Release|Any CPU
		{7A99626E-F720-402B-ABC4-2C4B854A53EF}.Testing|x86.ActiveCfg = Release|Any CPU
		{7A99626E-F720-402B-ABC4-2C4B854A53EF}.Training|Any CPU.ActiveCfg = Release|Any CPU
		{7A99626E-F720-402B-ABC4-2C4B854A53EF}.Training|Any CPU.Build.0 = Release|Any CPU
		{7A99626E-F720-402B-ABC4-2C4B854A53EF}.Training|Mixed Platforms.ActiveCfg = Training|Any CPU
		{7A99626E-F720-402B-ABC4-2C4B854A53EF}.Training|Mixed Platforms.Build.0 = Training|Any CPU
		{7A99626E-F720-402B-ABC4-2C4B854A53EF}.Training|x64.ActiveCfg = Release|Any CPU
		{7A99626E-F720-402B-ABC4-2C4B854A53EF}.Training|x86.ActiveCfg = Release|Any CPU
		{1873AF41-FF1D-4B05-8455-20707C56D2EB}.Debug|Any CPU.ActiveCfg = Debug|Any CPU
		{1873AF41-FF1D-4B05-8455-20707C56D2EB}.Debug|Any CPU.Build.0 = Debug|Any CPU
		{1873AF41-FF1D-4B05-8455-20707C56D2EB}.Debug|Mixed Platforms.ActiveCfg = Debug|Any CPU
		{1873AF41-FF1D-4B05-8455-20707C56D2EB}.Debug|Mixed Platforms.Build.0 = Debug|Any CPU
		{1873AF41-FF1D-4B05-8455-20707C56D2EB}.Debug|x64.ActiveCfg = Debug|Any CPU
		{1873AF41-FF1D-4B05-8455-20707C56D2EB}.Debug|x86.ActiveCfg = Debug|Any CPU
		{1873AF41-FF1D-4B05-8455-20707C56D2EB}.Development|Any CPU.ActiveCfg = Debug|Any CPU
		{1873AF41-FF1D-4B05-8455-20707C56D2EB}.Development|Any CPU.Build.0 = Debug|Any CPU
		{1873AF41-FF1D-4B05-8455-20707C56D2EB}.Development|Mixed Platforms.ActiveCfg = Debug|Any CPU
		{1873AF41-FF1D-4B05-8455-20707C56D2EB}.Development|Mixed Platforms.Build.0 = Debug|Any CPU
		{1873AF41-FF1D-4B05-8455-20707C56D2EB}.Development|x64.ActiveCfg = Debug|Any CPU
		{1873AF41-FF1D-4B05-8455-20707C56D2EB}.Development|x86.ActiveCfg = Debug|Any CPU
		{1873AF41-FF1D-4B05-8455-20707C56D2EB}.Documentation|Any CPU.ActiveCfg = Debug|Any CPU
		{1873AF41-FF1D-4B05-8455-20707C56D2EB}.Documentation|Any CPU.Build.0 = Debug|Any CPU
		{1873AF41-FF1D-4B05-8455-20707C56D2EB}.Documentation|Mixed Platforms.ActiveCfg = Debug|Any CPU
		{1873AF41-FF1D-4B05-8455-20707C56D2EB}.Documentation|Mixed Platforms.Build.0 = Debug|Any CPU
		{1873AF41-FF1D-4B05-8455-20707C56D2EB}.Documentation|x64.ActiveCfg = Debug|Any CPU
		{1873AF41-FF1D-4B05-8455-20707C56D2EB}.Documentation|x86.ActiveCfg = Debug|Any CPU
		{1873AF41-FF1D-4B05-8455-20707C56D2EB}.Production-Debug|Any CPU.ActiveCfg = Debug|Any CPU
		{1873AF41-FF1D-4B05-8455-20707C56D2EB}.Production-Debug|Any CPU.Build.0 = Debug|Any CPU
		{1873AF41-FF1D-4B05-8455-20707C56D2EB}.Production-Debug|Mixed Platforms.ActiveCfg = Debug|Any CPU
		{1873AF41-FF1D-4B05-8455-20707C56D2EB}.Production-Debug|Mixed Platforms.Build.0 = Debug|Any CPU
		{1873AF41-FF1D-4B05-8455-20707C56D2EB}.Production-Debug|x64.ActiveCfg = Debug|Any CPU
		{1873AF41-FF1D-4B05-8455-20707C56D2EB}.Production-Debug|x86.ActiveCfg = Debug|Any CPU
		{1873AF41-FF1D-4B05-8455-20707C56D2EB}.Production-Release|Any CPU.ActiveCfg = Release|Any CPU
		{1873AF41-FF1D-4B05-8455-20707C56D2EB}.Production-Release|Any CPU.Build.0 = Release|Any CPU
		{1873AF41-FF1D-4B05-8455-20707C56D2EB}.Production-Release|Mixed Platforms.ActiveCfg = Release|Any CPU
		{1873AF41-FF1D-4B05-8455-20707C56D2EB}.Production-Release|Mixed Platforms.Build.0 = Release|Any CPU
		{1873AF41-FF1D-4B05-8455-20707C56D2EB}.Production-Release|x64.ActiveCfg = Release|Any CPU
		{1873AF41-FF1D-4B05-8455-20707C56D2EB}.Production-Release|x86.ActiveCfg = Release|Any CPU
		{1873AF41-FF1D-4B05-8455-20707C56D2EB}.Release|Any CPU.ActiveCfg = Release|Any CPU
		{1873AF41-FF1D-4B05-8455-20707C56D2EB}.Release|Any CPU.Build.0 = Release|Any CPU
		{1873AF41-FF1D-4B05-8455-20707C56D2EB}.Release|Mixed Platforms.ActiveCfg = Release|Any CPU
		{1873AF41-FF1D-4B05-8455-20707C56D2EB}.Release|Mixed Platforms.Build.0 = Release|Any CPU
		{1873AF41-FF1D-4B05-8455-20707C56D2EB}.Release|x64.ActiveCfg = Release|Any CPU
		{1873AF41-FF1D-4B05-8455-20707C56D2EB}.Release|x86.ActiveCfg = Release|Any CPU
		{1873AF41-FF1D-4B05-8455-20707C56D2EB}.Staging|Any CPU.ActiveCfg = Release|Any CPU
		{1873AF41-FF1D-4B05-8455-20707C56D2EB}.Staging|Any CPU.Build.0 = Release|Any CPU
		{1873AF41-FF1D-4B05-8455-20707C56D2EB}.Staging|Mixed Platforms.ActiveCfg = Release|Any CPU
		{1873AF41-FF1D-4B05-8455-20707C56D2EB}.Staging|Mixed Platforms.Build.0 = Release|Any CPU
		{1873AF41-FF1D-4B05-8455-20707C56D2EB}.Staging|x64.ActiveCfg = Release|Any CPU
		{1873AF41-FF1D-4B05-8455-20707C56D2EB}.Staging|x86.ActiveCfg = Release|Any CPU
		{1873AF41-FF1D-4B05-8455-20707C56D2EB}.Testing|Any CPU.ActiveCfg = Release|Any CPU
		{1873AF41-FF1D-4B05-8455-20707C56D2EB}.Testing|Any CPU.Build.0 = Release|Any CPU
		{1873AF41-FF1D-4B05-8455-20707C56D2EB}.Testing|Mixed Platforms.ActiveCfg = Release|Any CPU
		{1873AF41-FF1D-4B05-8455-20707C56D2EB}.Testing|Mixed Platforms.Build.0 = Release|Any CPU
		{1873AF41-FF1D-4B05-8455-20707C56D2EB}.Testing|x64.ActiveCfg = Release|Any CPU
		{1873AF41-FF1D-4B05-8455-20707C56D2EB}.Testing|x86.ActiveCfg = Release|Any CPU
		{1873AF41-FF1D-4B05-8455-20707C56D2EB}.Training|Any CPU.ActiveCfg = Release|Any CPU
		{1873AF41-FF1D-4B05-8455-20707C56D2EB}.Training|Any CPU.Build.0 = Release|Any CPU
		{1873AF41-FF1D-4B05-8455-20707C56D2EB}.Training|Mixed Platforms.ActiveCfg = Release|Any CPU
		{1873AF41-FF1D-4B05-8455-20707C56D2EB}.Training|Mixed Platforms.Build.0 = Release|Any CPU
		{1873AF41-FF1D-4B05-8455-20707C56D2EB}.Training|x64.ActiveCfg = Release|Any CPU
		{1873AF41-FF1D-4B05-8455-20707C56D2EB}.Training|x86.ActiveCfg = Release|Any CPU
	EndGlobalSection
	GlobalSection(SolutionProperties) = preSolution
		HideSolutionNode = FALSE
	EndGlobalSection
	GlobalSection(NestedProjects) = preSolution
		{CDD94405-9FCC-4444-BCD8-CF763A18727C} = {EA02344E-04D4-478D-A266-D1FD4047BD0B}
		{0ED5C9D8-6EB6-4A61-AB5D-598956399F13} = {EA02344E-04D4-478D-A266-D1FD4047BD0B}
		{FA67B341-B866-46B2-80EF-EE3F2A64B7C8} = {EA02344E-04D4-478D-A266-D1FD4047BD0B}
		{3608AC35-9575-420B-AE22-F9F5F2560F03} = {EA02344E-04D4-478D-A266-D1FD4047BD0B}
		{1873AF41-FF1D-4B05-8455-20707C56D2EB} = {EA02344E-04D4-478D-A266-D1FD4047BD0B}
		{B24CAA57-4A08-4799-A2C1-81705785EC87} = {083AE3A1-F3B7-4FAA-8E2B-3D618ED9CBC5}
		{3B135D0F-3E84-4A66-8B40-2DF6275CBDCD} = {083AE3A1-F3B7-4FAA-8E2B-3D618ED9CBC5}
		{999613CD-1813-4BAE-8559-5B576003BD48} = {083AE3A1-F3B7-4FAA-8E2B-3D618ED9CBC5}
		{3FAEFBF2-9D0C-483B-8C0C-9997F2AEB246} = {84EE7336-C43D-43ED-808C-34590FC9B724}
		{71254E9D-DE1A-4353-97D7-0963D0EEC480} = {84EE7336-C43D-43ED-808C-34590FC9B724}
		{998961C2-655E-46FA-BEA9-AC8AC44CF2EE} = {84EE7336-C43D-43ED-808C-34590FC9B724}
		{CC271C77-CB0E-4133-973C-000C429DA301} = {84EE7336-C43D-43ED-808C-34590FC9B724}
		{7A99626E-F720-402B-ABC4-2C4B854A53EF} = {84EE7336-C43D-43ED-808C-34590FC9B724}
		{431A4316-AD2A-469B-BE73-767D06E54C8B} = {3940B729-448A-4B63-A945-4BADAA8F5CDE}
		{269CE68E-DF45-4283-9A5B-C416344F3277} = {07A613C2-689D-4D78-92C8-EC83F00CCD6B}
		{38E20DD7-1E8D-44D7-AB8E-1FF31275B2A0} = {07A613C2-689D-4D78-92C8-EC83F00CCD6B}
		{9A1EE189-F8C7-43B4-A3A9-7C60CD404DC0} = {55AF4D74-C578-4BE4-AC0D-A8C51486A817}
	EndGlobalSection
	GlobalSection(TestCaseManagementSettings) = postSolution
		CategoryFile = CERS.vsmdi
	EndGlobalSection
EndGlobal
